// !$*UTF8*$!
{
	archiveVersion = 1;
	classes = {
	};
	objectVersion = 56;
	objects = {

/* Begin PBXBuildFile section */
		E40B3EA32D2790AF0077932E /* UINavigationController + Extension.swift in Sources */ = {isa = PBXBuildFile; fileRef = E40B3EA22D2790AF0077932E /* UINavigationController + Extension.swift */; };
		E42DB9542D73759900F0A55C /* Shape + Extension.swift in Sources */ = {isa = PBXBuildFile; fileRef = E42DB9532D73759900F0A55C /* Shape + Extension.swift */; };
		E4365C0F2D87EA2D00247FF6 /* TabBarView.swift in Sources */ = {isa = PBXBuildFile; fileRef = E4365C0E2D87EA2D00247FF6 /* TabBarView.swift */; };
		E4365C112D87EA8D00247FF6 /* LaunchScreen.storyboard in Resources */ = {isa = PBXBuildFile; fileRef = E4365C102D87EA8D00247FF6 /* LaunchScreen.storyboard */; };
		E4365C162D87EB8800247FF6 /* TabBarType.swift in Sources */ = {isa = PBXBuildFile; fileRef = E4365C152D87EB8800247FF6 /* TabBarType.swift */; };
		E4365C1F2D87ED2000247FF6 /* HomeViewModel.swift in Sources */ = {isa = PBXBuildFile; fileRef = E4365C1E2D87ED2000247FF6 /* HomeViewModel.swift */; };
		E4365C212D87ED6A00247FF6 /* HomeView.swift in Sources */ = {isa = PBXBuildFile; fileRef = E4365C202D87ED6A00247FF6 /* HomeView.swift */; };
		E4365C242D87EDBD00247FF6 /* LoadingView.swift in Sources */ = {isa = PBXBuildFile; fileRef = E4365C232D87EDBD00247FF6 /* LoadingView.swift */; };
		E4365C262D87EE3B00247FF6 /* ErrorView.swift in Sources */ = {isa = PBXBuildFile; fileRef = E4365C252D87EE3B00247FF6 /* ErrorView.swift */; };
		E4365C282D87EE8200247FF6 /* PlaceholderView.swift in Sources */ = {isa = PBXBuildFile; fileRef = E4365C272D87EE8200247FF6 /* PlaceholderView.swift */; };
		E4365C322D87F12100247FF6 /* HomeHeaderView.swift in Sources */ = {isa = PBXBuildFile; fileRef = E4365C312D87F12100247FF6 /* HomeHeaderView.swift */; };
		E4365C342D87F3FD00247FF6 /* HomeMiddleView.swift in Sources */ = {isa = PBXBuildFile; fileRef = E4365C332D87F3FD00247FF6 /* HomeMiddleView.swift */; };
		E4365C362D87F42200247FF6 /* HomeFooterView.swift in Sources */ = {isa = PBXBuildFile; fileRef = E4365C352D87F42200247FF6 /* HomeFooterView.swift */; };
		E4365C382D87F45F00247FF6 /* FoodSectionView.swift in Sources */ = {isa = PBXBuildFile; fileRef = E4365C372D87F45F00247FF6 /* FoodSectionView.swift */; };
		E4365C3A2D87F46B00247FF6 /* BoardSectionView.swift in Sources */ = {isa = PBXBuildFile; fileRef = E4365C392D87F46B00247FF6 /* BoardSectionView.swift */; };
		E4365C3C2D88041200247FF6 /* HomeProfileView.swift in Sources */ = {isa = PBXBuildFile; fileRef = E4365C3B2D88041200247FF6 /* HomeProfileView.swift */; };
		E4365C3F2D88078100247FF6 /* TimeTableView.swift in Sources */ = {isa = PBXBuildFile; fileRef = E4365C3E2D88078100247FF6 /* TimeTableView.swift */; };
		E4365C412D88078700247FF6 /* TimeTableViewModel.swift in Sources */ = {isa = PBXBuildFile; fileRef = E4365C402D88078700247FF6 /* TimeTableViewModel.swift */; };
		E4365C442D880B0A00247FF6 /* TimeTableRowView.swift in Sources */ = {isa = PBXBuildFile; fileRef = E4365C432D880B0A00247FF6 /* TimeTableRowView.swift */; };
		E4365C482D882F0D00247FF6 /* AddSchedulePopupView.swift in Sources */ = {isa = PBXBuildFile; fileRef = E4365C472D882F0D00247FF6 /* AddSchedulePopupView.swift */; };
		E4365C4B2D88300300247FF6 /* ToDoListView.swift in Sources */ = {isa = PBXBuildFile; fileRef = E4365C4A2D88300300247FF6 /* ToDoListView.swift */; };
		E4365C4D2D88302B00247FF6 /* ToDoListViewModel.swift in Sources */ = {isa = PBXBuildFile; fileRef = E4365C4C2D88302B00247FF6 /* ToDoListViewModel.swift */; };
		E4365D442D88410800247FF6 /* NetworkManager.swift in Sources */ = {isa = PBXBuildFile; fileRef = E4365D422D88410800247FF6 /* NetworkManager.swift */; };
		E4365D452D88410800247FF6 /* NetworkMonitorManager.swift in Sources */ = {isa = PBXBuildFile; fileRef = E4365D432D88410800247FF6 /* NetworkMonitorManager.swift */; };
		E4365E3B2D88413900247FF6 /* Router.swift in Sources */ = {isa = PBXBuildFile; fileRef = E4365E3A2D88413900247FF6 /* Router.swift */; };
		E4365E3D2D88447100247FF6 /* .gitignore in Resources */ = {isa = PBXBuildFile; fileRef = E4365E3C2D88447100247FF6 /* .gitignore */; };
		E4365E3F2D88EA4B00247FF6 /* BoardRouter.swift in Sources */ = {isa = PBXBuildFile; fileRef = E4365E3E2D88EA4B00247FF6 /* BoardRouter.swift */; };
		E4365E412D88EA5B00247FF6 /* CommentRouter.swift in Sources */ = {isa = PBXBuildFile; fileRef = E4365E402D88EA5B00247FF6 /* CommentRouter.swift */; };
		E4365E432D88EA7300247FF6 /* CommunityRouter.swift in Sources */ = {isa = PBXBuildFile; fileRef = E4365E422D88EA7300247FF6 /* CommunityRouter.swift */; };
		E4365E452D88EA7900247FF6 /* MealRouter.swift in Sources */ = {isa = PBXBuildFile; fileRef = E4365E442D88EA7900247FF6 /* MealRouter.swift */; };
		E4365E472D88EA8B00247FF6 /* TimeTableRouter.swift in Sources */ = {isa = PBXBuildFile; fileRef = E4365E462D88EA8B00247FF6 /* TimeTableRouter.swift */; };
		E4365E492D88EAAF00247FF6 /* MemberRouter.swift in Sources */ = {isa = PBXBuildFile; fileRef = E4365E482D88EAAF00247FF6 /* MemberRouter.swift */; };
		E4365E4C2D88EC4A00247FF6 /* BoardResponseDTO.swift in Sources */ = {isa = PBXBuildFile; fileRef = E4365E4B2D88EC4A00247FF6 /* BoardResponseDTO.swift */; };
		E4365E4F2D88ECB800247FF6 /* BoardEntity.swift in Sources */ = {isa = PBXBuildFile; fileRef = E4365E4E2D88ECB800247FF6 /* BoardEntity.swift */; };
		E4365E772D89567F00247FF6 /* PostRouter.swift in Sources */ = {isa = PBXBuildFile; fileRef = E4365E762D89567F00247FF6 /* PostRouter.swift */; };
		E4365E7A2D896D2C00247FF6 /* MealListView.swift in Sources */ = {isa = PBXBuildFile; fileRef = E4365E792D896D2C00247FF6 /* MealListView.swift */; };
		E4365E7C2D896D3600247FF6 /* MealListViewModel.swift in Sources */ = {isa = PBXBuildFile; fileRef = E4365E7B2D896D3600247FF6 /* MealListViewModel.swift */; };
		E4365E7F2D89707100247FF6 /* BoardListView.swift in Sources */ = {isa = PBXBuildFile; fileRef = E4365E7E2D89707100247FF6 /* BoardListView.swift */; };
		E4365E812D89707C00247FF6 /* BoardListViewModel.swift in Sources */ = {isa = PBXBuildFile; fileRef = E4365E802D89707C00247FF6 /* BoardListViewModel.swift */; };
		E4365E852D8981AA00247FF6 /* MealDetailView.swift in Sources */ = {isa = PBXBuildFile; fileRef = E4365E842D8981AA00247FF6 /* MealDetailView.swift */; };
		E49222702C9C87DA0077EA45 /* RequestInterceptor + Extension.swift in Sources */ = {isa = PBXBuildFile; fileRef = E492226F2C9C87DA0077EA45 /* RequestInterceptor + Extension.swift */; };
		E4953D382C89C924008CBDE5 /* Kingfisher in Frameworks */ = {isa = PBXBuildFile; productRef = E4953D372C89C924008CBDE5 /* Kingfisher */; };
		E4953D3C2C89CDD5008CBDE5 /* View + Extension.swift in Sources */ = {isa = PBXBuildFile; fileRef = E4953D3B2C89CDD5008CBDE5 /* View + Extension.swift */; };
		E4953D662C8ECD14008CBDE5 /* Alamofire in Frameworks */ = {isa = PBXBuildFile; productRef = E4953D652C8ECD14008CBDE5 /* Alamofire */; };
		E4953D772C8EE00D008CBDE5 /* Phase.swift in Sources */ = {isa = PBXBuildFile; fileRef = E4953D762C8EE00D008CBDE5 /* Phase.swift */; };
		E4953D7A2C8EE21D008CBDE5 /* SwiftKeychainWrapper in Frameworks */ = {isa = PBXBuildFile; productRef = E4953D792C8EE21D008CBDE5 /* SwiftKeychainWrapper */; };
		E4982D002CCF5AC400D0F1A7 /* FirebaseMessaging in Frameworks */ = {isa = PBXBuildFile; productRef = E4982CFF2CCF5AC400D0F1A7 /* FirebaseMessaging */; };
		E4982D042CCF629D00D0F1A7 /* FirebaseCore in Frameworks */ = {isa = PBXBuildFile; productRef = E4982D032CCF629D00D0F1A7 /* FirebaseCore */; };
		E49C9F9B2C85DE06001F43A3 /* UnivAppApp.swift in Sources */ = {isa = PBXBuildFile; fileRef = E49C9F9A2C85DE06001F43A3 /* UnivAppApp.swift */; };
		E4B3FCCC2C7751DD00CB98F3 /* Assets.xcassets in Resources */ = {isa = PBXBuildFile; fileRef = E4B3FCCB2C7751DD00CB98F3 /* Assets.xcassets */; };
		E4B3FCCF2C7751DD00CB98F3 /* Preview Assets.xcassets in Resources */ = {isa = PBXBuildFile; fileRef = E4B3FCCE2C7751DD00CB98F3 /* Preview Assets.xcassets */; };
		E4B3FCF42C7754E400CB98F3 /* Color.xcassets in Resources */ = {isa = PBXBuildFile; fileRef = E4B3FCF32C7754E400CB98F3 /* Color.xcassets */; };
		E4B3FCF72C7754F500CB98F3 /* Color+Extension.swift in Sources */ = {isa = PBXBuildFile; fileRef = E4B3FCF62C7754F500CB98F3 /* Color+Extension.swift */; };
		E4F04BF22C94477600F653DF /* FSCalendar in Frameworks */ = {isa = PBXBuildFile; productRef = E4F04BF12C94477600F653DF /* FSCalendar */; };
		E4F04BF52C94477F00F653DF /* SnapKit in Frameworks */ = {isa = PBXBuildFile; productRef = E4F04BF42C94477F00F653DF /* SnapKit */; };
		E4F04BF82C94478800F653DF /* GoogleMobileAds in Frameworks */ = {isa = PBXBuildFile; productRef = E4F04BF72C94478800F653DF /* GoogleMobileAds */; };
/* End PBXBuildFile section */

/* Begin PBXFileReference section */
		E40B3EA22D2790AF0077932E /* UINavigationController + Extension.swift */ = {isa = PBXFileReference; lastKnownFileType = sourcecode.swift; path = "UINavigationController + Extension.swift"; sourceTree = "<group>"; };
		E42DB9532D73759900F0A55C /* Shape + Extension.swift */ = {isa = PBXFileReference; lastKnownFileType = sourcecode.swift; path = "Shape + Extension.swift"; sourceTree = "<group>"; };
		E4365C0E2D87EA2D00247FF6 /* TabBarView.swift */ = {isa = PBXFileReference; lastKnownFileType = sourcecode.swift; path = TabBarView.swift; sourceTree = "<group>"; };
		E4365C102D87EA8D00247FF6 /* LaunchScreen.storyboard */ = {isa = PBXFileReference; lastKnownFileType = file.storyboard; path = LaunchScreen.storyboard; sourceTree = "<group>"; };
		E4365C152D87EB8800247FF6 /* TabBarType.swift */ = {isa = PBXFileReference; lastKnownFileType = sourcecode.swift; path = TabBarType.swift; sourceTree = "<group>"; };
		E4365C1E2D87ED2000247FF6 /* HomeViewModel.swift */ = {isa = PBXFileReference; lastKnownFileType = sourcecode.swift; path = HomeViewModel.swift; sourceTree = "<group>"; };
		E4365C202D87ED6A00247FF6 /* HomeView.swift */ = {isa = PBXFileReference; lastKnownFileType = sourcecode.swift; path = HomeView.swift; sourceTree = "<group>"; };
		E4365C232D87EDBD00247FF6 /* LoadingView.swift */ = {isa = PBXFileReference; lastKnownFileType = sourcecode.swift; path = LoadingView.swift; sourceTree = "<group>"; };
		E4365C252D87EE3B00247FF6 /* ErrorView.swift */ = {isa = PBXFileReference; lastKnownFileType = sourcecode.swift; path = ErrorView.swift; sourceTree = "<group>"; };
		E4365C272D87EE8200247FF6 /* PlaceholderView.swift */ = {isa = PBXFileReference; lastKnownFileType = sourcecode.swift; path = PlaceholderView.swift; sourceTree = "<group>"; };
		E4365C312D87F12100247FF6 /* HomeHeaderView.swift */ = {isa = PBXFileReference; lastKnownFileType = sourcecode.swift; path = HomeHeaderView.swift; sourceTree = "<group>"; };
		E4365C332D87F3FD00247FF6 /* HomeMiddleView.swift */ = {isa = PBXFileReference; lastKnownFileType = sourcecode.swift; path = HomeMiddleView.swift; sourceTree = "<group>"; };
		E4365C352D87F42200247FF6 /* HomeFooterView.swift */ = {isa = PBXFileReference; lastKnownFileType = sourcecode.swift; path = HomeFooterView.swift; sourceTree = "<group>"; };
		E4365C372D87F45F00247FF6 /* FoodSectionView.swift */ = {isa = PBXFileReference; lastKnownFileType = sourcecode.swift; path = FoodSectionView.swift; sourceTree = "<group>"; };
		E4365C392D87F46B00247FF6 /* BoardSectionView.swift */ = {isa = PBXFileReference; lastKnownFileType = sourcecode.swift; path = BoardSectionView.swift; sourceTree = "<group>"; };
		E4365C3B2D88041200247FF6 /* HomeProfileView.swift */ = {isa = PBXFileReference; lastKnownFileType = sourcecode.swift; path = HomeProfileView.swift; sourceTree = "<group>"; };
		E4365C3E2D88078100247FF6 /* TimeTableView.swift */ = {isa = PBXFileReference; lastKnownFileType = sourcecode.swift; path = TimeTableView.swift; sourceTree = "<group>"; };
		E4365C402D88078700247FF6 /* TimeTableViewModel.swift */ = {isa = PBXFileReference; lastKnownFileType = sourcecode.swift; path = TimeTableViewModel.swift; sourceTree = "<group>"; };
		E4365C432D880B0A00247FF6 /* TimeTableRowView.swift */ = {isa = PBXFileReference; lastKnownFileType = sourcecode.swift; path = TimeTableRowView.swift; sourceTree = "<group>"; };
		E4365C472D882F0D00247FF6 /* AddSchedulePopupView.swift */ = {isa = PBXFileReference; lastKnownFileType = sourcecode.swift; path = AddSchedulePopupView.swift; sourceTree = "<group>"; };
		E4365C4A2D88300300247FF6 /* ToDoListView.swift */ = {isa = PBXFileReference; lastKnownFileType = sourcecode.swift; path = ToDoListView.swift; sourceTree = "<group>"; };
		E4365C4C2D88302B00247FF6 /* ToDoListViewModel.swift */ = {isa = PBXFileReference; lastKnownFileType = sourcecode.swift; path = ToDoListViewModel.swift; sourceTree = "<group>"; };
		E4365D422D88410800247FF6 /* NetworkManager.swift */ = {isa = PBXFileReference; lastKnownFileType = sourcecode.swift; path = NetworkManager.swift; sourceTree = "<group>"; };
		E4365D432D88410800247FF6 /* NetworkMonitorManager.swift */ = {isa = PBXFileReference; lastKnownFileType = sourcecode.swift; path = NetworkMonitorManager.swift; sourceTree = "<group>"; };
		E4365E3A2D88413900247FF6 /* Router.swift */ = {isa = PBXFileReference; lastKnownFileType = sourcecode.swift; path = Router.swift; sourceTree = "<group>"; };
		E4365E3C2D88447100247FF6 /* .gitignore */ = {isa = PBXFileReference; lastKnownFileType = text; path = .gitignore; sourceTree = "<group>"; };
		E4365E3E2D88EA4B00247FF6 /* BoardRouter.swift */ = {isa = PBXFileReference; lastKnownFileType = sourcecode.swift; path = BoardRouter.swift; sourceTree = "<group>"; };
		E4365E402D88EA5B00247FF6 /* CommentRouter.swift */ = {isa = PBXFileReference; lastKnownFileType = sourcecode.swift; path = CommentRouter.swift; sourceTree = "<group>"; };
		E4365E422D88EA7300247FF6 /* CommunityRouter.swift */ = {isa = PBXFileReference; lastKnownFileType = sourcecode.swift; path = CommunityRouter.swift; sourceTree = "<group>"; };
		E4365E442D88EA7900247FF6 /* MealRouter.swift */ = {isa = PBXFileReference; lastKnownFileType = sourcecode.swift; path = MealRouter.swift; sourceTree = "<group>"; };
		E4365E462D88EA8B00247FF6 /* TimeTableRouter.swift */ = {isa = PBXFileReference; lastKnownFileType = sourcecode.swift; path = TimeTableRouter.swift; sourceTree = "<group>"; };
		E4365E482D88EAAF00247FF6 /* MemberRouter.swift */ = {isa = PBXFileReference; lastKnownFileType = sourcecode.swift; path = MemberRouter.swift; sourceTree = "<group>"; };
		E4365E4B2D88EC4A00247FF6 /* BoardResponseDTO.swift */ = {isa = PBXFileReference; lastKnownFileType = sourcecode.swift; path = BoardResponseDTO.swift; sourceTree = "<group>"; };
		E4365E4E2D88ECB800247FF6 /* BoardEntity.swift */ = {isa = PBXFileReference; lastKnownFileType = sourcecode.swift; path = BoardEntity.swift; sourceTree = "<group>"; };
		E4365E762D89567F00247FF6 /* PostRouter.swift */ = {isa = PBXFileReference; lastKnownFileType = sourcecode.swift; path = PostRouter.swift; sourceTree = "<group>"; };
		E4365E792D896D2C00247FF6 /* MealListView.swift */ = {isa = PBXFileReference; lastKnownFileType = sourcecode.swift; path = MealListView.swift; sourceTree = "<group>"; };
		E4365E7B2D896D3600247FF6 /* MealListViewModel.swift */ = {isa = PBXFileReference; lastKnownFileType = sourcecode.swift; path = MealListViewModel.swift; sourceTree = "<group>"; };
		E4365E7E2D89707100247FF6 /* BoardListView.swift */ = {isa = PBXFileReference; lastKnownFileType = sourcecode.swift; path = BoardListView.swift; sourceTree = "<group>"; };
		E4365E802D89707C00247FF6 /* BoardListViewModel.swift */ = {isa = PBXFileReference; lastKnownFileType = sourcecode.swift; path = BoardListViewModel.swift; sourceTree = "<group>"; };
		E4365E842D8981AA00247FF6 /* MealDetailView.swift */ = {isa = PBXFileReference; lastKnownFileType = sourcecode.swift; path = MealDetailView.swift; sourceTree = "<group>"; };
		E492226F2C9C87DA0077EA45 /* RequestInterceptor + Extension.swift */ = {isa = PBXFileReference; lastKnownFileType = sourcecode.swift; path = "RequestInterceptor + Extension.swift"; sourceTree = "<group>"; };
		E4953D3B2C89CDD5008CBDE5 /* View + Extension.swift */ = {isa = PBXFileReference; lastKnownFileType = sourcecode.swift; path = "View + Extension.swift"; sourceTree = "<group>"; };
		E4953D762C8EE00D008CBDE5 /* Phase.swift */ = {isa = PBXFileReference; lastKnownFileType = sourcecode.swift; path = Phase.swift; sourceTree = "<group>"; };
		E49C9F9A2C85DE06001F43A3 /* UnivAppApp.swift */ = {isa = PBXFileReference; fileEncoding = 4; lastKnownFileType = sourcecode.swift; path = UnivAppApp.swift; sourceTree = "<group>"; };
		E4B3FCC42C7751DB00CB98F3 /* UnivApp.app */ = {isa = PBXFileReference; explicitFileType = wrapper.application; includeInIndex = 0; path = UnivApp.app; sourceTree = BUILT_PRODUCTS_DIR; };
		E4B3FCCB2C7751DD00CB98F3 /* Assets.xcassets */ = {isa = PBXFileReference; lastKnownFileType = folder.assetcatalog; path = Assets.xcassets; sourceTree = "<group>"; };
		E4B3FCCE2C7751DD00CB98F3 /* Preview Assets.xcassets */ = {isa = PBXFileReference; lastKnownFileType = folder.assetcatalog; path = "Preview Assets.xcassets"; sourceTree = "<group>"; };
		E4B3FCF32C7754E400CB98F3 /* Color.xcassets */ = {isa = PBXFileReference; lastKnownFileType = folder.assetcatalog; path = Color.xcassets; sourceTree = "<group>"; };
		E4B3FCF62C7754F500CB98F3 /* Color+Extension.swift */ = {isa = PBXFileReference; lastKnownFileType = sourcecode.swift; path = "Color+Extension.swift"; sourceTree = "<group>"; };
		E4B3FD2D2C786F0000CB98F3 /* UnivApp.entitlements */ = {isa = PBXFileReference; lastKnownFileType = text.plist.entitlements; path = UnivApp.entitlements; sourceTree = "<group>"; };
		E4EA25602C85CEF000DC5D55 /* Info.plist */ = {isa = PBXFileReference; lastKnownFileType = text.plist.xml; path = Info.plist; sourceTree = "<group>"; };
/* End PBXFileReference section */

/* Begin PBXFrameworksBuildPhase section */
		E4B3FCC12C7751DB00CB98F3 /* Frameworks */ = {
			isa = PBXFrameworksBuildPhase;
			buildActionMask = 2147483647;
			files = (
				E4F04BF82C94478800F653DF /* GoogleMobileAds in Frameworks */,
				E4953D382C89C924008CBDE5 /* Kingfisher in Frameworks */,
				E4982D002CCF5AC400D0F1A7 /* FirebaseMessaging in Frameworks */,
				E4F04BF22C94477600F653DF /* FSCalendar in Frameworks */,
				E4953D662C8ECD14008CBDE5 /* Alamofire in Frameworks */,
				E4953D7A2C8EE21D008CBDE5 /* SwiftKeychainWrapper in Frameworks */,
				E4982D042CCF629D00D0F1A7 /* FirebaseCore in Frameworks */,
				E4F04BF52C94477F00F653DF /* SnapKit in Frameworks */,
			);
			runOnlyForDeploymentPostprocessing = 0;
		};
/* End PBXFrameworksBuildPhase section */

/* Begin PBXGroup section */
		E4365C062D87E83200247FF6 /* App */ = {
			isa = PBXGroup;
			children = (
				E49C9F9A2C85DE06001F43A3 /* UnivAppApp.swift */,
			);
			path = App;
			sourceTree = "<group>";
		};
		E4365C122D87EB3A00247FF6 /* DTO */ = {
			isa = PBXGroup;
			children = (
				E4365E4A2D88EC2C00247FF6 /* Board */,
			);
			path = DTO;
			sourceTree = "<group>";
		};
		E4365C132D87EB4000247FF6 /* Entity */ = {
			isa = PBXGroup;
			children = (
				E4365E4D2D88ECA200247FF6 /* Board */,
			);
			path = Entity;
			sourceTree = "<group>";
		};
		E4365C142D87EB8100247FF6 /* TabBar */ = {
			isa = PBXGroup;
			children = (
				E4365C0E2D87EA2D00247FF6 /* TabBarView.swift */,
				E4365C152D87EB8800247FF6 /* TabBarType.swift */,
			);
			path = TabBar;
			sourceTree = "<group>";
		};
		E4365C1D2D87ED0A00247FF6 /* Home */ = {
			isa = PBXGroup;
			children = (
				E4365C222D87ED6F00247FF6 /* Custom */,
				E4365C1E2D87ED2000247FF6 /* HomeViewModel.swift */,
				E4365C202D87ED6A00247FF6 /* HomeView.swift */,
			);
			path = Home;
			sourceTree = "<group>";
		};
		E4365C222D87ED6F00247FF6 /* Custom */ = {
			isa = PBXGroup;
			children = (
				E4365C312D87F12100247FF6 /* HomeHeaderView.swift */,
				E4365C332D87F3FD00247FF6 /* HomeMiddleView.swift */,
				E4365C352D87F42200247FF6 /* HomeFooterView.swift */,
				E4365C3B2D88041200247FF6 /* HomeProfileView.swift */,
			);
			path = Custom;
			sourceTree = "<group>";
		};
		E4365C292D87EEB000247FF6 /* Router */ = {
			isa = PBXGroup;
			children = (
				E4365E3A2D88413900247FF6 /* Router.swift */,
				E4365E3E2D88EA4B00247FF6 /* BoardRouter.swift */,
				E4365E402D88EA5B00247FF6 /* CommentRouter.swift */,
				E4365E422D88EA7300247FF6 /* CommunityRouter.swift */,
				E4365E442D88EA7900247FF6 /* MealRouter.swift */,
				E4365E462D88EA8B00247FF6 /* TimeTableRouter.swift */,
				E4365E482D88EAAF00247FF6 /* MemberRouter.swift */,
				E4365E762D89567F00247FF6 /* PostRouter.swift */,
			);
			path = Router;
			sourceTree = "<group>";
		};
		E4365C2A2D87EEB900247FF6 /* Services */ = {
			isa = PBXGroup;
			children = (
			);
			path = Services;
			sourceTree = "<group>";
		};
		E4365C3D2D88071200247FF6 /* TimeTable */ = {
			isa = PBXGroup;
			children = (
				E4365C422D880AF800247FF6 /* Custom */,
				E4365C3E2D88078100247FF6 /* TimeTableView.swift */,
				E4365C402D88078700247FF6 /* TimeTableViewModel.swift */,
			);
			path = TimeTable;
			sourceTree = "<group>";
		};
		E4365C422D880AF800247FF6 /* Custom */ = {
			isa = PBXGroup;
			children = (
				E4365C432D880B0A00247FF6 /* TimeTableRowView.swift */,
				E4365C472D882F0D00247FF6 /* AddSchedulePopupView.swift */,
			);
			path = Custom;
			sourceTree = "<group>";
		};
		E4365C492D882FF400247FF6 /* ToDo */ = {
			isa = PBXGroup;
			children = (
				E4365C4A2D88300300247FF6 /* ToDoListView.swift */,
				E4365C4C2D88302B00247FF6 /* ToDoListViewModel.swift */,
			);
			path = ToDo;
			sourceTree = "<group>";
		};
		E4365E4A2D88EC2C00247FF6 /* Board */ = {
			isa = PBXGroup;
			children = (
				E4365E4B2D88EC4A00247FF6 /* BoardResponseDTO.swift */,
			);
			path = Board;
			sourceTree = "<group>";
		};
		E4365E4D2D88ECA200247FF6 /* Board */ = {
			isa = PBXGroup;
			children = (
				E4365E4E2D88ECB800247FF6 /* BoardEntity.swift */,
			);
			path = Board;
			sourceTree = "<group>";
		};
		E4365E782D896D1A00247FF6 /* Meal */ = {
			isa = PBXGroup;
			children = (
				E4365E832D89819B00247FF6 /* Detail */,
				E4365E792D896D2C00247FF6 /* MealListView.swift */,
				E4365E7B2D896D3600247FF6 /* MealListViewModel.swift */,
			);
			path = Meal;
			sourceTree = "<group>";
		};
		E4365E7D2D89705800247FF6 /* Board */ = {
			isa = PBXGroup;
			children = (
				E4365E7E2D89707100247FF6 /* BoardListView.swift */,
				E4365E802D89707C00247FF6 /* BoardListViewModel.swift */,
			);
			path = Board;
			sourceTree = "<group>";
		};
		E4365E832D89819B00247FF6 /* Detail */ = {
			isa = PBXGroup;
			children = (
				E4365E842D8981AA00247FF6 /* MealDetailView.swift */,
			);
			path = Detail;
			sourceTree = "<group>";
		};
		E4B3FCBB2C7751DB00CB98F3 = {
			isa = PBXGroup;
			children = (
				E4365E3C2D88447100247FF6 /* .gitignore */,
				E4B3FCC62C7751DB00CB98F3 /* UnivApp */,
				E4B3FCC52C7751DB00CB98F3 /* Products */,
				E4EA25622C85D54800DC5D55 /* Frameworks */,
			);
			sourceTree = "<group>";
		};
		E4B3FCC52C7751DB00CB98F3 /* Products */ = {
			isa = PBXGroup;
			children = (
				E4B3FCC42C7751DB00CB98F3 /* UnivApp.app */,
			);
			name = Products;
			sourceTree = "<group>";
		};
		E4B3FCC62C7751DB00CB98F3 /* UnivApp */ = {
			isa = PBXGroup;
			children = (
				E4365C062D87E83200247FF6 /* App */,
				E4EA25602C85CEF000DC5D55 /* Info.plist */,
				E4B3FD2D2C786F0000CB98F3 /* UnivApp.entitlements */,
				E4EA25652C85D6DC00DC5D55 /* General */,
				E4B3FCFC2C7755B500CB98F3 /* Network */,
				E4B3FCFB2C7755AF00CB98F3 /* Model */,
				E4B3FCF12C7754C800CB98F3 /* Scene */,
				E4B3FCF22C7754CF00CB98F3 /* Resource */,
				E4B3FCF52C7754E800CB98F3 /* Extension */,
				E4B3FCCD2C7751DD00CB98F3 /* Preview Content */,
			);
			path = UnivApp;
			sourceTree = "<group>";
		};
		E4B3FCCD2C7751DD00CB98F3 /* Preview Content */ = {
			isa = PBXGroup;
			children = (
				E4B3FCCE2C7751DD00CB98F3 /* Preview Assets.xcassets */,
			);
			path = "Preview Content";
			sourceTree = "<group>";
		};
		E4B3FCF12C7754C800CB98F3 /* Scene */ = {
			isa = PBXGroup;
			children = (
				E4365E7D2D89705800247FF6 /* Board */,
				E4365E782D896D1A00247FF6 /* Meal */,
				E4365C492D882FF400247FF6 /* ToDo */,
				E4365C3D2D88071200247FF6 /* TimeTable */,
				E4365C1D2D87ED0A00247FF6 /* Home */,
				E4365C142D87EB8100247FF6 /* TabBar */,
			);
			path = Scene;
			sourceTree = "<group>";
		};
		E4B3FCF22C7754CF00CB98F3 /* Resource */ = {
			isa = PBXGroup;
			children = (
				E4B3FCCB2C7751DD00CB98F3 /* Assets.xcassets */,
				E4B3FCF32C7754E400CB98F3 /* Color.xcassets */,
				E4365C102D87EA8D00247FF6 /* LaunchScreen.storyboard */,
			);
			path = Resource;
			sourceTree = "<group>";
		};
		E4B3FCF52C7754E800CB98F3 /* Extension */ = {
			isa = PBXGroup;
			children = (
				E4B3FCF62C7754F500CB98F3 /* Color+Extension.swift */,
				E4953D3B2C89CDD5008CBDE5 /* View + Extension.swift */,
				E492226F2C9C87DA0077EA45 /* RequestInterceptor + Extension.swift */,
				E40B3EA22D2790AF0077932E /* UINavigationController + Extension.swift */,
				E42DB9532D73759900F0A55C /* Shape + Extension.swift */,
			);
			path = Extension;
			sourceTree = "<group>";
		};
		E4B3FCF82C77559C00CB98F3 /* Repository */ = {
			isa = PBXGroup;
			children = (
			);
			path = Repository;
			sourceTree = "<group>";
		};
		E4B3FCFB2C7755AF00CB98F3 /* Model */ = {
			isa = PBXGroup;
			children = (
				E4365C132D87EB4000247FF6 /* Entity */,
				E4365C122D87EB3A00247FF6 /* DTO */,
				E4953D762C8EE00D008CBDE5 /* Phase.swift */,
			);
			path = Model;
			sourceTree = "<group>";
		};
		E4B3FCFC2C7755B500CB98F3 /* Network */ = {
			isa = PBXGroup;
			children = (
				E4365C2A2D87EEB900247FF6 /* Services */,
				E4365C292D87EEB000247FF6 /* Router */,
				E4B3FCF82C77559C00CB98F3 /* Repository */,
				E4365D422D88410800247FF6 /* NetworkManager.swift */,
				E4365D432D88410800247FF6 /* NetworkMonitorManager.swift */,
			);
			path = Network;
			sourceTree = "<group>";
		};
		E4EA25622C85D54800DC5D55 /* Frameworks */ = {
			isa = PBXGroup;
			children = (
			);
			name = Frameworks;
			sourceTree = "<group>";
		};
		E4EA25652C85D6DC00DC5D55 /* General */ = {
			isa = PBXGroup;
			children = (
				E4365C232D87EDBD00247FF6 /* LoadingView.swift */,
				E4365C252D87EE3B00247FF6 /* ErrorView.swift */,
				E4365C272D87EE8200247FF6 /* PlaceholderView.swift */,
				E4365C372D87F45F00247FF6 /* FoodSectionView.swift */,
				E4365C392D87F46B00247FF6 /* BoardSectionView.swift */,
			);
			path = General;
			sourceTree = "<group>";
		};
/* End PBXGroup section */

/* Begin PBXNativeTarget section */
		E4B3FCC32C7751DB00CB98F3 /* UnivApp */ = {
			isa = PBXNativeTarget;
			buildConfigurationList = E4B3FCE82C7751DD00CB98F3 /* Build configuration list for PBXNativeTarget "UnivApp" */;
			buildPhases = (
				E4B3FCC02C7751DB00CB98F3 /* Sources */,
				E4B3FCC12C7751DB00CB98F3 /* Frameworks */,
				E4B3FCC22C7751DB00CB98F3 /* Resources */,
			);
			buildRules = (
			);
			dependencies = (
			);
			name = UnivApp;
			packageProductDependencies = (
				E4953D372C89C924008CBDE5 /* Kingfisher */,
				E4953D652C8ECD14008CBDE5 /* Alamofire */,
				E4953D792C8EE21D008CBDE5 /* SwiftKeychainWrapper */,
				E4F04BF12C94477600F653DF /* FSCalendar */,
				E4F04BF42C94477F00F653DF /* SnapKit */,
				E4F04BF72C94478800F653DF /* GoogleMobileAds */,
				E4982CFF2CCF5AC400D0F1A7 /* FirebaseMessaging */,
				E4982D032CCF629D00D0F1A7 /* FirebaseCore */,
			);
			productName = UnivApp;
			productReference = E4B3FCC42C7751DB00CB98F3 /* UnivApp.app */;
			productType = "com.apple.product-type.application";
		};
/* End PBXNativeTarget section */

/* Begin PBXProject section */
		E4B3FCBC2C7751DB00CB98F3 /* Project object */ = {
			isa = PBXProject;
			attributes = {
				BuildIndependentTargetsInParallel = 1;
				LastSwiftUpdateCheck = 1540;
				LastUpgradeCheck = 1540;
				TargetAttributes = {
					E4B3FCC32C7751DB00CB98F3 = {
						CreatedOnToolsVersion = 15.4;
					};
				};
			};
			buildConfigurationList = E4B3FCBF2C7751DB00CB98F3 /* Build configuration list for PBXProject "UnivApp" */;
			compatibilityVersion = "Xcode 14.0";
			developmentRegion = en;
			hasScannedForEncodings = 0;
			knownRegions = (
				en,
				Base,
			);
			mainGroup = E4B3FCBB2C7751DB00CB98F3;
			packageReferences = (
				E4953D362C89C924008CBDE5 /* XCRemoteSwiftPackageReference "Kingfisher" */,
				E4953D642C8ECD14008CBDE5 /* XCRemoteSwiftPackageReference "Alamofire" */,
				E4953D782C8EE21D008CBDE5 /* XCRemoteSwiftPackageReference "SwiftKeychainWrapper" */,
				E4F04BF02C94477600F653DF /* XCRemoteSwiftPackageReference "FSCalendar" */,
				E4F04BF32C94477F00F653DF /* XCRemoteSwiftPackageReference "SnapKit" */,
				E4F04BF62C94478800F653DF /* XCRemoteSwiftPackageReference "swift-package-manager-google-mobile-ads" */,
				E4982CFE2CCF5AB500D0F1A7 /* XCRemoteSwiftPackageReference "firebase-ios-sdk" */,
			);
			productRefGroup = E4B3FCC52C7751DB00CB98F3 /* Products */;
			projectDirPath = "";
			projectRoot = "";
			targets = (
				E4B3FCC32C7751DB00CB98F3 /* UnivApp */,
			);
		};
/* End PBXProject section */

/* Begin PBXResourcesBuildPhase section */
		E4B3FCC22C7751DB00CB98F3 /* Resources */ = {
			isa = PBXResourcesBuildPhase;
			buildActionMask = 2147483647;
			files = (
				E4365E3D2D88447100247FF6 /* .gitignore in Resources */,
				E4B3FCCF2C7751DD00CB98F3 /* Preview Assets.xcassets in Resources */,
				E4365C112D87EA8D00247FF6 /* LaunchScreen.storyboard in Resources */,
				E4B3FCCC2C7751DD00CB98F3 /* Assets.xcassets in Resources */,
				E4B3FCF42C7754E400CB98F3 /* Color.xcassets in Resources */,
			);
			runOnlyForDeploymentPostprocessing = 0;
		};
/* End PBXResourcesBuildPhase section */

/* Begin PBXSourcesBuildPhase section */
		E4B3FCC02C7751DB00CB98F3 /* Sources */ = {
			isa = PBXSourcesBuildPhase;
			buildActionMask = 2147483647;
			files = (
				E4365C4D2D88302B00247FF6 /* ToDoListViewModel.swift in Sources */,
				E40B3EA32D2790AF0077932E /* UINavigationController + Extension.swift in Sources */,
				E4365C162D87EB8800247FF6 /* TabBarType.swift in Sources */,
				E4365C482D882F0D00247FF6 /* AddSchedulePopupView.swift in Sources */,
				E4365C362D87F42200247FF6 /* HomeFooterView.swift in Sources */,
				E4365C3C2D88041200247FF6 /* HomeProfileView.swift in Sources */,
				E49222702C9C87DA0077EA45 /* RequestInterceptor + Extension.swift in Sources */,
				E4365E412D88EA5B00247FF6 /* CommentRouter.swift in Sources */,
				E4365E7A2D896D2C00247FF6 /* MealListView.swift in Sources */,
				E4365E7F2D89707100247FF6 /* BoardListView.swift in Sources */,
				E4365E7C2D896D3600247FF6 /* MealListViewModel.swift in Sources */,
				E4365C442D880B0A00247FF6 /* TimeTableRowView.swift in Sources */,
				E4365C342D87F3FD00247FF6 /* HomeMiddleView.swift in Sources */,
				E4365E3F2D88EA4B00247FF6 /* BoardRouter.swift in Sources */,
				E4365C3F2D88078100247FF6 /* TimeTableView.swift in Sources */,
				E4365C1F2D87ED2000247FF6 /* HomeViewModel.swift in Sources */,
				E42DB9542D73759900F0A55C /* Shape + Extension.swift in Sources */,
				E4365C4B2D88300300247FF6 /* ToDoListView.swift in Sources */,
				E4365C382D87F45F00247FF6 /* FoodSectionView.swift in Sources */,
				E4365C242D87EDBD00247FF6 /* LoadingView.swift in Sources */,
				E4365C212D87ED6A00247FF6 /* HomeView.swift in Sources */,
				E4365E472D88EA8B00247FF6 /* TimeTableRouter.swift in Sources */,
				E4365C322D87F12100247FF6 /* HomeHeaderView.swift in Sources */,
				E4365E4F2D88ECB800247FF6 /* BoardEntity.swift in Sources */,
				E4365C412D88078700247FF6 /* TimeTableViewModel.swift in Sources */,
				E4953D772C8EE00D008CBDE5 /* Phase.swift in Sources */,
				E4953D3C2C89CDD5008CBDE5 /* View + Extension.swift in Sources */,
				E4365E4C2D88EC4A00247FF6 /* BoardResponseDTO.swift in Sources */,
				E4365E852D8981AA00247FF6 /* MealDetailView.swift in Sources */,
				E4365E432D88EA7300247FF6 /* CommunityRouter.swift in Sources */,
				E4365C0F2D87EA2D00247FF6 /* TabBarView.swift in Sources */,
				E4365E3B2D88413900247FF6 /* Router.swift in Sources */,
				E4365E812D89707C00247FF6 /* BoardListViewModel.swift in Sources */,
				E49C9F9B2C85DE06001F43A3 /* UnivAppApp.swift in Sources */,
				E4365E492D88EAAF00247FF6 /* MemberRouter.swift in Sources */,
				E4365E452D88EA7900247FF6 /* MealRouter.swift in Sources */,
				E4365D442D88410800247FF6 /* NetworkManager.swift in Sources */,
				E4365E772D89567F00247FF6 /* PostRouter.swift in Sources */,
				E4365D452D88410800247FF6 /* NetworkMonitorManager.swift in Sources */,
				E4365C262D87EE3B00247FF6 /* ErrorView.swift in Sources */,
				E4365C282D87EE8200247FF6 /* PlaceholderView.swift in Sources */,
				E4B3FCF72C7754F500CB98F3 /* Color+Extension.swift in Sources */,
				E4365C3A2D87F46B00247FF6 /* BoardSectionView.swift in Sources */,
			);
			runOnlyForDeploymentPostprocessing = 0;
		};
/* End PBXSourcesBuildPhase section */

/* Begin XCBuildConfiguration section */
		E4B3FCE62C7751DD00CB98F3 /* Debug */ = {
			isa = XCBuildConfiguration;
			buildSettings = {
				ALWAYS_SEARCH_USER_PATHS = NO;
				ASSETCATALOG_COMPILER_GENERATE_SWIFT_ASSET_SYMBOL_EXTENSIONS = YES;
				CLANG_ANALYZER_NONNULL = YES;
				CLANG_ANALYZER_NUMBER_OBJECT_CONVERSION = YES_AGGRESSIVE;
				CLANG_CXX_LANGUAGE_STANDARD = "gnu++20";
				CLANG_ENABLE_MODULES = YES;
				CLANG_ENABLE_OBJC_ARC = YES;
				CLANG_ENABLE_OBJC_WEAK = YES;
				CLANG_WARN_BLOCK_CAPTURE_AUTORELEASING = YES;
				CLANG_WARN_BOOL_CONVERSION = YES;
				CLANG_WARN_COMMA = YES;
				CLANG_WARN_CONSTANT_CONVERSION = YES;
				CLANG_WARN_DEPRECATED_OBJC_IMPLEMENTATIONS = YES;
				CLANG_WARN_DIRECT_OBJC_ISA_USAGE = YES_ERROR;
				CLANG_WARN_DOCUMENTATION_COMMENTS = YES;
				CLANG_WARN_EMPTY_BODY = YES;
				CLANG_WARN_ENUM_CONVERSION = YES;
				CLANG_WARN_INFINITE_RECURSION = YES;
				CLANG_WARN_INT_CONVERSION = YES;
				CLANG_WARN_NON_LITERAL_NULL_CONVERSION = YES;
				CLANG_WARN_OBJC_IMPLICIT_RETAIN_SELF = YES;
				CLANG_WARN_OBJC_LITERAL_CONVERSION = YES;
				CLANG_WARN_OBJC_ROOT_CLASS = YES_ERROR;
				CLANG_WARN_QUOTED_INCLUDE_IN_FRAMEWORK_HEADER = YES;
				CLANG_WARN_RANGE_LOOP_ANALYSIS = YES;
				CLANG_WARN_STRICT_PROTOTYPES = YES;
				CLANG_WARN_SUSPICIOUS_MOVE = YES;
				CLANG_WARN_UNGUARDED_AVAILABILITY = YES_AGGRESSIVE;
				CLANG_WARN_UNREACHABLE_CODE = YES;
				CLANG_WARN__DUPLICATE_METHOD_MATCH = YES;
				COPY_PHASE_STRIP = NO;
				DEBUG_INFORMATION_FORMAT = dwarf;
				ENABLE_STRICT_OBJC_MSGSEND = YES;
				ENABLE_TESTABILITY = YES;
				ENABLE_USER_SCRIPT_SANDBOXING = YES;
				GCC_C_LANGUAGE_STANDARD = gnu17;
				GCC_DYNAMIC_NO_PIC = NO;
				GCC_NO_COMMON_BLOCKS = YES;
				GCC_OPTIMIZATION_LEVEL = 0;
				GCC_PREPROCESSOR_DEFINITIONS = (
					"DEBUG=1",
					"$(inherited)",
				);
				GCC_WARN_64_TO_32_BIT_CONVERSION = YES;
				GCC_WARN_ABOUT_RETURN_TYPE = YES_ERROR;
				GCC_WARN_UNDECLARED_SELECTOR = YES;
				GCC_WARN_UNINITIALIZED_AUTOS = YES_AGGRESSIVE;
				GCC_WARN_UNUSED_FUNCTION = YES;
				GCC_WARN_UNUSED_VARIABLE = YES;
				IPHONEOS_DEPLOYMENT_TARGET = 17.0;
				LOCALIZATION_PREFERS_STRING_CATALOGS = YES;
				MTL_ENABLE_DEBUG_INFO = INCLUDE_SOURCE;
				MTL_FAST_MATH = YES;
				ONLY_ACTIVE_ARCH = YES;
				SDKROOT = iphoneos;
				SWIFT_ACTIVE_COMPILATION_CONDITIONS = "DEBUG $(inherited)";
				SWIFT_OPTIMIZATION_LEVEL = "-Onone";
			};
			name = Debug;
		};
		E4B3FCE72C7751DD00CB98F3 /* Release */ = {
			isa = XCBuildConfiguration;
			buildSettings = {
				ALWAYS_SEARCH_USER_PATHS = NO;
				ASSETCATALOG_COMPILER_GENERATE_SWIFT_ASSET_SYMBOL_EXTENSIONS = YES;
				CLANG_ANALYZER_NONNULL = YES;
				CLANG_ANALYZER_NUMBER_OBJECT_CONVERSION = YES_AGGRESSIVE;
				CLANG_CXX_LANGUAGE_STANDARD = "gnu++20";
				CLANG_ENABLE_MODULES = YES;
				CLANG_ENABLE_OBJC_ARC = YES;
				CLANG_ENABLE_OBJC_WEAK = YES;
				CLANG_WARN_BLOCK_CAPTURE_AUTORELEASING = YES;
				CLANG_WARN_BOOL_CONVERSION = YES;
				CLANG_WARN_COMMA = YES;
				CLANG_WARN_CONSTANT_CONVERSION = YES;
				CLANG_WARN_DEPRECATED_OBJC_IMPLEMENTATIONS = YES;
				CLANG_WARN_DIRECT_OBJC_ISA_USAGE = YES_ERROR;
				CLANG_WARN_DOCUMENTATION_COMMENTS = YES;
				CLANG_WARN_EMPTY_BODY = YES;
				CLANG_WARN_ENUM_CONVERSION = YES;
				CLANG_WARN_INFINITE_RECURSION = YES;
				CLANG_WARN_INT_CONVERSION = YES;
				CLANG_WARN_NON_LITERAL_NULL_CONVERSION = YES;
				CLANG_WARN_OBJC_IMPLICIT_RETAIN_SELF = YES;
				CLANG_WARN_OBJC_LITERAL_CONVERSION = YES;
				CLANG_WARN_OBJC_ROOT_CLASS = YES_ERROR;
				CLANG_WARN_QUOTED_INCLUDE_IN_FRAMEWORK_HEADER = YES;
				CLANG_WARN_RANGE_LOOP_ANALYSIS = YES;
				CLANG_WARN_STRICT_PROTOTYPES = YES;
				CLANG_WARN_SUSPICIOUS_MOVE = YES;
				CLANG_WARN_UNGUARDED_AVAILABILITY = YES_AGGRESSIVE;
				CLANG_WARN_UNREACHABLE_CODE = YES;
				CLANG_WARN__DUPLICATE_METHOD_MATCH = YES;
				COPY_PHASE_STRIP = NO;
				DEBUG_INFORMATION_FORMAT = "dwarf-with-dsym";
				ENABLE_NS_ASSERTIONS = NO;
				ENABLE_STRICT_OBJC_MSGSEND = YES;
				ENABLE_USER_SCRIPT_SANDBOXING = YES;
				GCC_C_LANGUAGE_STANDARD = gnu17;
				GCC_NO_COMMON_BLOCKS = YES;
				GCC_WARN_64_TO_32_BIT_CONVERSION = YES;
				GCC_WARN_ABOUT_RETURN_TYPE = YES_ERROR;
				GCC_WARN_UNDECLARED_SELECTOR = YES;
				GCC_WARN_UNINITIALIZED_AUTOS = YES_AGGRESSIVE;
				GCC_WARN_UNUSED_FUNCTION = YES;
				GCC_WARN_UNUSED_VARIABLE = YES;
				IPHONEOS_DEPLOYMENT_TARGET = 17.0;
				LOCALIZATION_PREFERS_STRING_CATALOGS = YES;
				MTL_ENABLE_DEBUG_INFO = NO;
				MTL_FAST_MATH = YES;
				SDKROOT = iphoneos;
				SWIFT_COMPILATION_MODE = wholemodule;
				VALIDATE_PRODUCT = YES;
			};
			name = Release;
		};
		E4B3FCE92C7751DD00CB98F3 /* Debug */ = {
			isa = XCBuildConfiguration;
			buildSettings = {
				ASSETCATALOG_COMPILER_APPICON_NAME = AppIcon;
				ASSETCATALOG_COMPILER_GLOBAL_ACCENT_COLOR_NAME = AccentColor;
				CODE_SIGN_ENTITLEMENTS = UnivApp/UnivApp.entitlements;
				CODE_SIGN_STYLE = Automatic;
				CURRENT_PROJECT_VERSION = 1;
				DEVELOPMENT_ASSET_PATHS = "\"UnivApp/Preview Content\"";
				DEVELOPMENT_TEAM = Q653PU93R6;
				ENABLE_PREVIEWS = YES;
				GENERATE_INFOPLIST_FILE = YES;
				INFOPLIST_FILE = UnivApp/Info.plist;
				INFOPLIST_KEY_CFBundleDisplayName = "틴스팟";
				INFOPLIST_KEY_NSUserTrackingUsageDescription = "앱 사용 경험을 개선하기 위해 추적 권한을 요청합니다";
				INFOPLIST_KEY_UIApplicationSceneManifest_Generation = YES;
				INFOPLIST_KEY_UIApplicationSupportsIndirectInputEvents = YES;
				INFOPLIST_KEY_UISupportedInterfaceOrientations = UIInterfaceOrientationPortrait;
				INFOPLIST_KEY_UISupportedInterfaceOrientations_iPad = "UIInterfaceOrientationLandscapeLeft UIInterfaceOrientationLandscapeRight UIInterfaceOrientationPortrait UIInterfaceOrientationPortraitUpsideDown";
				INFOPLIST_KEY_UIUserInterfaceStyle = Light;
				IPHONEOS_DEPLOYMENT_TARGET = 16.0;
				LD_RUNPATH_SEARCH_PATHS = (
					"$(inherited)",
					"@executable_path/Frameworks",
				);
				MARKETING_VERSION = 1.1.0;
				PRODUCT_BUNDLE_IDENTIFIER = WEDLE.UnivApp;
				PRODUCT_NAME = "$(TARGET_NAME)";
				SUPPORTED_PLATFORMS = "iphoneos iphonesimulator";
				SUPPORTS_MACCATALYST = NO;
				SUPPORTS_MAC_DESIGNED_FOR_IPHONE_IPAD = NO;
				SUPPORTS_XR_DESIGNED_FOR_IPHONE_IPAD = NO;
				SWIFT_EMIT_LOC_STRINGS = YES;
				SWIFT_VERSION = 5.0;
				TARGETED_DEVICE_FAMILY = 1;
			};
			name = Debug;
		};
		E4B3FCEA2C7751DD00CB98F3 /* Release */ = {
			isa = XCBuildConfiguration;
			buildSettings = {
				ASSETCATALOG_COMPILER_APPICON_NAME = AppIcon;
				ASSETCATALOG_COMPILER_GLOBAL_ACCENT_COLOR_NAME = AccentColor;
				CODE_SIGN_ENTITLEMENTS = UnivApp/UnivApp.entitlements;
				CODE_SIGN_STYLE = Automatic;
				CURRENT_PROJECT_VERSION = 1;
				DEVELOPMENT_ASSET_PATHS = "\"UnivApp/Preview Content\"";
				DEVELOPMENT_TEAM = Q653PU93R6;
				ENABLE_PREVIEWS = YES;
				GENERATE_INFOPLIST_FILE = YES;
				INFOPLIST_FILE = UnivApp/Info.plist;
				INFOPLIST_KEY_CFBundleDisplayName = "틴스팟";
				INFOPLIST_KEY_NSUserTrackingUsageDescription = "앱 사용 경험을 개선하기 위해 추적 권한을 요청합니다";
				INFOPLIST_KEY_UIApplicationSceneManifest_Generation = YES;
				INFOPLIST_KEY_UIApplicationSupportsIndirectInputEvents = YES;
				INFOPLIST_KEY_UISupportedInterfaceOrientations = UIInterfaceOrientationPortrait;
				INFOPLIST_KEY_UISupportedInterfaceOrientations_iPad = "UIInterfaceOrientationLandscapeLeft UIInterfaceOrientationLandscapeRight UIInterfaceOrientationPortrait UIInterfaceOrientationPortraitUpsideDown";
				INFOPLIST_KEY_UIUserInterfaceStyle = Light;
				IPHONEOS_DEPLOYMENT_TARGET = 16.0;
				LD_RUNPATH_SEARCH_PATHS = (
					"$(inherited)",
					"@executable_path/Frameworks",
				);
				MARKETING_VERSION = 1.1.0;
				PRODUCT_BUNDLE_IDENTIFIER = WEDLE.UnivApp;
				PRODUCT_NAME = "$(TARGET_NAME)";
				SUPPORTED_PLATFORMS = "iphoneos iphonesimulator";
				SUPPORTS_MACCATALYST = NO;
				SUPPORTS_MAC_DESIGNED_FOR_IPHONE_IPAD = NO;
				SUPPORTS_XR_DESIGNED_FOR_IPHONE_IPAD = NO;
				SWIFT_EMIT_LOC_STRINGS = YES;
				SWIFT_VERSION = 5.0;
				TARGETED_DEVICE_FAMILY = 1;
			};
			name = Release;
		};
/* End XCBuildConfiguration section */

/* Begin XCConfigurationList section */
		E4B3FCBF2C7751DB00CB98F3 /* Build configuration list for PBXProject "UnivApp" */ = {
			isa = XCConfigurationList;
			buildConfigurations = (
				E4B3FCE62C7751DD00CB98F3 /* Debug */,
				E4B3FCE72C7751DD00CB98F3 /* Release */,
			);
			defaultConfigurationIsVisible = 0;
			defaultConfigurationName = Release;
		};
		E4B3FCE82C7751DD00CB98F3 /* Build configuration list for PBXNativeTarget "UnivApp" */ = {
			isa = XCConfigurationList;
			buildConfigurations = (
				E4B3FCE92C7751DD00CB98F3 /* Debug */,
				E4B3FCEA2C7751DD00CB98F3 /* Release */,
			);
			defaultConfigurationIsVisible = 0;
			defaultConfigurationName = Release;
		};
/* End XCConfigurationList section */

/* Begin XCRemoteSwiftPackageReference section */
		E4953D362C89C924008CBDE5 /* XCRemoteSwiftPackageReference "Kingfisher" */ = {
			isa = XCRemoteSwiftPackageReference;
			repositoryURL = "https://github.com/onevcat/Kingfisher.git";
			requirement = {
				kind = upToNextMajorVersion;
				minimumVersion = 7.12.0;
			};
		};
		E4953D642C8ECD14008CBDE5 /* XCRemoteSwiftPackageReference "Alamofire" */ = {
			isa = XCRemoteSwiftPackageReference;
			repositoryURL = "https://github.com/Alamofire/Alamofire.git";
			requirement = {
				kind = upToNextMajorVersion;
				minimumVersion = 5.9.1;
			};
		};
		E4953D782C8EE21D008CBDE5 /* XCRemoteSwiftPackageReference "SwiftKeychainWrapper" */ = {
			isa = XCRemoteSwiftPackageReference;
			repositoryURL = "https://github.com/jrendel/SwiftKeychainWrapper.git";
			requirement = {
				kind = upToNextMajorVersion;
				minimumVersion = 4.0.1;
			};
		};
		E4982CFE2CCF5AB500D0F1A7 /* XCRemoteSwiftPackageReference "firebase-ios-sdk" */ = {
			isa = XCRemoteSwiftPackageReference;
			repositoryURL = "https://github.com/firebase/firebase-ios-sdk";
			requirement = {
				kind = upToNextMajorVersion;
				minimumVersion = 11.4.0;
			};
		};
		E4F04BF02C94477600F653DF /* XCRemoteSwiftPackageReference "FSCalendar" */ = {
			isa = XCRemoteSwiftPackageReference;
			repositoryURL = "https://github.com/WenchaoD/FSCalendar.git";
			requirement = {
				kind = upToNextMajorVersion;
				minimumVersion = 2.8.4;
			};
		};
		E4F04BF32C94477F00F653DF /* XCRemoteSwiftPackageReference "SnapKit" */ = {
			isa = XCRemoteSwiftPackageReference;
			repositoryURL = "https://github.com/SnapKit/SnapKit.git";
			requirement = {
				kind = upToNextMajorVersion;
				minimumVersion = 5.7.1;
			};
		};
		E4F04BF62C94478800F653DF /* XCRemoteSwiftPackageReference "swift-package-manager-google-mobile-ads" */ = {
			isa = XCRemoteSwiftPackageReference;
			repositoryURL = "https://github.com/googleads/swift-package-manager-google-mobile-ads.git";
			requirement = {
				kind = upToNextMajorVersion;
				minimumVersion = 11.9.0;
			};
		};
/* End XCRemoteSwiftPackageReference section */

/* Begin XCSwiftPackageProductDependency section */
		E4953D372C89C924008CBDE5 /* Kingfisher */ = {
			isa = XCSwiftPackageProductDependency;
			package = E4953D362C89C924008CBDE5 /* XCRemoteSwiftPackageReference "Kingfisher" */;
			productName = Kingfisher;
		};
		E4953D652C8ECD14008CBDE5 /* Alamofire */ = {
			isa = XCSwiftPackageProductDependency;
			package = E4953D642C8ECD14008CBDE5 /* XCRemoteSwiftPackageReference "Alamofire" */;
			productName = Alamofire;
		};
		E4953D792C8EE21D008CBDE5 /* SwiftKeychainWrapper */ = {
			isa = XCSwiftPackageProductDependency;
			package = E4953D782C8EE21D008CBDE5 /* XCRemoteSwiftPackageReference "SwiftKeychainWrapper" */;
			productName = SwiftKeychainWrapper;
		};
		E4982CFF2CCF5AC400D0F1A7 /* FirebaseMessaging */ = {
			isa = XCSwiftPackageProductDependency;
			package = E4982CFE2CCF5AB500D0F1A7 /* XCRemoteSwiftPackageReference "firebase-ios-sdk" */;
			productName = FirebaseMessaging;
		};
		E4982D032CCF629D00D0F1A7 /* FirebaseCore */ = {
			isa = XCSwiftPackageProductDependency;
			package = E4982CFE2CCF5AB500D0F1A7 /* XCRemoteSwiftPackageReference "firebase-ios-sdk" */;
			productName = FirebaseCore;
		};
		E4F04BF12C94477600F653DF /* FSCalendar */ = {
			isa = XCSwiftPackageProductDependency;
			package = E4F04BF02C94477600F653DF /* XCRemoteSwiftPackageReference "FSCalendar" */;
			productName = FSCalendar;
		};
		E4F04BF42C94477F00F653DF /* SnapKit */ = {
			isa = XCSwiftPackageProductDependency;
			package = E4F04BF32C94477F00F653DF /* XCRemoteSwiftPackageReference "SnapKit" */;
			productName = SnapKit;
		};
		E4F04BF72C94478800F653DF /* GoogleMobileAds */ = {
			isa = XCSwiftPackageProductDependency;
			package = E4F04BF62C94478800F653DF /* XCRemoteSwiftPackageReference "swift-package-manager-google-mobile-ads" */;
			productName = GoogleMobileAds;
		};
/* End XCSwiftPackageProductDependency section */
	};
	rootObject = E4B3FCBC2C7751DB00CB98F3 /* Project object */;
}
