// !$*UTF8*$!
{
	archiveVersion = 1;
	classes = {
	};
	objectVersion = 56;
	objects = {

/* Begin PBXBuildFile section */
		E47B2ECF2C79AF4C0039E2E0 /* SettingType.swift in Sources */ = {isa = PBXBuildFile; fileRef = E47B2ECE2C79AF4C0039E2E0 /* SettingType.swift */; };
		E49222702C9C87DA0077EA45 /* RequestInterceptor + Extension.swift in Sources */ = {isa = PBXBuildFile; fileRef = E492226F2C9C87DA0077EA45 /* RequestInterceptor + Extension.swift */; };
		E49222752C9EE7650077EA45 /* ChartView.swift in Sources */ = {isa = PBXBuildFile; fileRef = E49222742C9EE7650077EA45 /* ChartView.swift */; };
		E49222772C9F01F80077EA45 /* DepartModel.swift in Sources */ = {isa = PBXBuildFile; fileRef = E49222762C9F01F80077EA45 /* DepartModel.swift */; };
		E49222792C9F10240077EA45 /* SeperateView.swift in Sources */ = {isa = PBXBuildFile; fileRef = E49222782C9F10240077EA45 /* SeperateView.swift */; };
		E4953D222C888A64008CBDE5 /* HeartViewModel.swift in Sources */ = {isa = PBXBuildFile; fileRef = E4953D212C888A64008CBDE5 /* HeartViewModel.swift */; };
		E4953D242C897CCE008CBDE5 /* ListDetailView.swift in Sources */ = {isa = PBXBuildFile; fileRef = E4953D232C897CCE008CBDE5 /* ListDetailView.swift */; };
		E4953D262C898B48008CBDE5 /* ListDetailViewModel.swift in Sources */ = {isa = PBXBuildFile; fileRef = E4953D252C898B48008CBDE5 /* ListDetailViewModel.swift */; };
		E4953D282C899013008CBDE5 /* ListDetailType.swift in Sources */ = {isa = PBXBuildFile; fileRef = E4953D272C899013008CBDE5 /* ListDetailType.swift */; };
		E4953D2F2C89C770008CBDE5 /* location.gif in Resources */ = {isa = PBXBuildFile; fileRef = E4953D2A2C89C76F008CBDE5 /* location.gif */; };
		E4953D302C89C770008CBDE5 /* firework.gif in Resources */ = {isa = PBXBuildFile; fileRef = E4953D2B2C89C770008CBDE5 /* firework.gif */; };
		E4953D312C89C770008CBDE5 /* star.gif in Resources */ = {isa = PBXBuildFile; fileRef = E4953D2C2C89C770008CBDE5 /* star.gif */; };
		E4953D322C89C770008CBDE5 /* congratulations.gif in Resources */ = {isa = PBXBuildFile; fileRef = E4953D2D2C89C770008CBDE5 /* congratulations.gif */; };
		E4953D332C89C770008CBDE5 /* load.gif in Resources */ = {isa = PBXBuildFile; fileRef = E4953D2E2C89C770008CBDE5 /* load.gif */; };
		E4953D352C89C8DF008CBDE5 /* LoadingView.swift in Sources */ = {isa = PBXBuildFile; fileRef = E4953D342C89C8DF008CBDE5 /* LoadingView.swift */; };
		E4953D382C89C924008CBDE5 /* Kingfisher in Frameworks */ = {isa = PBXBuildFile; productRef = E4953D372C89C924008CBDE5 /* Kingfisher */; };
		E4953D3C2C89CDD5008CBDE5 /* View + Extension.swift in Sources */ = {isa = PBXBuildFile; fileRef = E4953D3B2C89CDD5008CBDE5 /* View + Extension.swift */; };
		E4953D3F2C89CDF6008CBDE5 /* LoadingModifier.swift in Sources */ = {isa = PBXBuildFile; fileRef = E4953D3E2C89CDF6008CBDE5 /* LoadingModifier.swift */; };
		E4953D422C89D516008CBDE5 /* ListCellDestination.swift in Sources */ = {isa = PBXBuildFile; fileRef = E4953D412C89D516008CBDE5 /* ListCellDestination.swift */; };
		E4953D442C89D60D008CBDE5 /* PlayDetailView.swift in Sources */ = {isa = PBXBuildFile; fileRef = E4953D432C89D60D008CBDE5 /* PlayDetailView.swift */; };
		E4953D462C89D649008CBDE5 /* MouDetailView.swift in Sources */ = {isa = PBXBuildFile; fileRef = E4953D452C89D649008CBDE5 /* MouDetailView.swift */; };
		E4953D482C89D67C008CBDE5 /* MoneyDetailView.swift in Sources */ = {isa = PBXBuildFile; fileRef = E4953D472C89D67C008CBDE5 /* MoneyDetailView.swift */; };
		E4953D4A2C89D6A2008CBDE5 /* InitiativeDetailView.swift in Sources */ = {isa = PBXBuildFile; fileRef = E4953D492C89D6A2008CBDE5 /* InitiativeDetailView.swift */; };
		E4953D4C2C89D6CC008CBDE5 /* InfoDetailView.swift in Sources */ = {isa = PBXBuildFile; fileRef = E4953D4B2C89D6CC008CBDE5 /* InfoDetailView.swift */; };
		E4953D4E2C89D6E3008CBDE5 /* GraduateDetailView.swift in Sources */ = {isa = PBXBuildFile; fileRef = E4953D4D2C89D6E3008CBDE5 /* GraduateDetailView.swift */; };
		E4953D502C89D704008CBDE5 /* FoodDetailView.swift in Sources */ = {isa = PBXBuildFile; fileRef = E4953D4F2C89D704008CBDE5 /* FoodDetailView.swift */; };
		E4953D522C89D725008CBDE5 /* EventDetailView.swift in Sources */ = {isa = PBXBuildFile; fileRef = E4953D512C89D725008CBDE5 /* EventDetailView.swift */; };
		E4953D592C8AFF36008CBDE5 /* FoodViewCell.swift in Sources */ = {isa = PBXBuildFile; fileRef = E4953D582C8AFF36008CBDE5 /* FoodViewCell.swift */; };
		E4953D5C2C8B0544008CBDE5 /* FoodModel.swift in Sources */ = {isa = PBXBuildFile; fileRef = E4953D5B2C8B0544008CBDE5 /* FoodModel.swift */; };
		E4953D5E2C8B0DC3008CBDE5 /* Object.swift in Sources */ = {isa = PBXBuildFile; fileRef = E4953D5D2C8B0DC3008CBDE5 /* Object.swift */; };
		E4953D602C8B0E36008CBDE5 /* HScrollView.swift in Sources */ = {isa = PBXBuildFile; fileRef = E4953D5F2C8B0E36008CBDE5 /* HScrollView.swift */; };
		E4953D632C8D8497008CBDE5 /* ChartData.swift in Sources */ = {isa = PBXBuildFile; fileRef = E4953D622C8D8497008CBDE5 /* ChartData.swift */; };
		E4953D662C8ECD14008CBDE5 /* Alamofire in Frameworks */ = {isa = PBXBuildFile; productRef = E4953D652C8ECD14008CBDE5 /* Alamofire */; };
		E4953D6F2C8ECE90008CBDE5 /* Alamofire.swift in Sources */ = {isa = PBXBuildFile; fileRef = E4953D6E2C8ECE90008CBDE5 /* Alamofire.swift */; };
		E4953D712C8ED137008CBDE5 /* APIEndpoint.swift in Sources */ = {isa = PBXBuildFile; fileRef = E4953D702C8ED137008CBDE5 /* APIEndpoint.swift */; };
		E4953D732C8EDB35008CBDE5 /* ListService.swift in Sources */ = {isa = PBXBuildFile; fileRef = E4953D722C8EDB35008CBDE5 /* ListService.swift */; };
		E4953D752C8EDC08008CBDE5 /* SummaryModel.swift in Sources */ = {isa = PBXBuildFile; fileRef = E4953D742C8EDC08008CBDE5 /* SummaryModel.swift */; };
		E4953D772C8EE00D008CBDE5 /* Phase.swift in Sources */ = {isa = PBXBuildFile; fileRef = E4953D762C8EE00D008CBDE5 /* Phase.swift */; };
		E4953D7A2C8EE21D008CBDE5 /* SwiftKeychainWrapper in Frameworks */ = {isa = PBXBuildFile; productRef = E4953D792C8EE21D008CBDE5 /* SwiftKeychainWrapper */; };
		E4953D7D2C8EE4F2008CBDE5 /* ErrorView.swift in Sources */ = {isa = PBXBuildFile; fileRef = E4953D7B2C8EE4F2008CBDE5 /* ErrorView.swift */; };
		E4953D7E2C8EE4F2008CBDE5 /* PlaceholderView.swift in Sources */ = {isa = PBXBuildFile; fileRef = E4953D7C2C8EE4F2008CBDE5 /* PlaceholderView.swift */; };
		E4953D802C8EECC8008CBDE5 /* HomeService.swift in Sources */ = {isa = PBXBuildFile; fileRef = E4953D7F2C8EECC8008CBDE5 /* HomeService.swift */; };
		E4953D852C8EED37008CBDE5 /* BannerModel.swift in Sources */ = {isa = PBXBuildFile; fileRef = E4953D842C8EED37008CBDE5 /* BannerModel.swift */; };
		E4953D872C8EEE7D008CBDE5 /* ScoreImageModel.swift in Sources */ = {isa = PBXBuildFile; fileRef = E4953D862C8EEE7D008CBDE5 /* ScoreImageModel.swift */; };
		E4953D902C8F35BA008CBDE5 /* error.gif in Resources */ = {isa = PBXBuildFile; fileRef = E4953D8F2C8F35BA008CBDE5 /* error.gif */; };
		E4953D922C8F3AA3008CBDE5 /* SearchService.swift in Sources */ = {isa = PBXBuildFile; fileRef = E4953D912C8F3AA3008CBDE5 /* SearchService.swift */; };
		E4953D942C901972008CBDE5 /* HeartService.swift in Sources */ = {isa = PBXBuildFile; fileRef = E4953D932C901971008CBDE5 /* HeartService.swift */; };
		E4953D9C2C903D41008CBDE5 /* ListModel.swift in Sources */ = {isa = PBXBuildFile; fileRef = E4953D9B2C903D41008CBDE5 /* ListModel.swift */; };
		E4953D9E2C903FC1008CBDE5 /* HeartViewCell.swift in Sources */ = {isa = PBXBuildFile; fileRef = E4953D9D2C903FC1008CBDE5 /* HeartViewCell.swift */; };
		E4953DA02C906282008CBDE5 /* SettingViewModel.swift in Sources */ = {isa = PBXBuildFile; fileRef = E4953D9F2C906282008CBDE5 /* SettingViewModel.swift */; };
		E4953DA22C906399008CBDE5 /* WebKitView.swift in Sources */ = {isa = PBXBuildFile; fileRef = E4953DA12C906399008CBDE5 /* WebKitView.swift */; };
		E4953DA52C90643C008CBDE5 /* VersionView.swift in Sources */ = {isa = PBXBuildFile; fileRef = E4953DA42C90643C008CBDE5 /* VersionView.swift */; };
		E4953DA72C90645C008CBDE5 /* PolicyView.swift in Sources */ = {isa = PBXBuildFile; fileRef = E4953DA62C90645C008CBDE5 /* PolicyView.swift */; };
		E4953DA92C906486008CBDE5 /* WithdrawView.swift in Sources */ = {isa = PBXBuildFile; fileRef = E4953DA82C906486008CBDE5 /* WithdrawView.swift */; };
		E4953DAB2C90654E008CBDE5 /* LogoutView.swift in Sources */ = {isa = PBXBuildFile; fileRef = E4953DAA2C90654E008CBDE5 /* LogoutView.swift */; };
		E4953DAD2C906720008CBDE5 /* withdraw.gif in Resources */ = {isa = PBXBuildFile; fileRef = E4953DAC2C906720008CBDE5 /* withdraw.gif */; };
		E4953DB02C906C95008CBDE5 /* ListDetailModel.swift in Sources */ = {isa = PBXBuildFile; fileRef = E4953DAF2C906C95008CBDE5 /* ListDetailModel.swift */; };
		E49C9F9B2C85DE06001F43A3 /* UnivAppApp.swift in Sources */ = {isa = PBXBuildFile; fileRef = E49C9F9A2C85DE06001F43A3 /* UnivAppApp.swift */; };
		E49C9F9F2C86CF70001F43A3 /* EmptyView.swift in Sources */ = {isa = PBXBuildFile; fileRef = E49C9F9E2C86CF70001F43A3 /* EmptyView.swift */; };
		E49C9FA72C86D3BC001F43A3 /* ListViewModel.swift in Sources */ = {isa = PBXBuildFile; fileRef = E49C9FA62C86D3BC001F43A3 /* ListViewModel.swift */; };
		E49C9FA92C86D539001F43A3 /* HomeViewModel.swift in Sources */ = {isa = PBXBuildFile; fileRef = E49C9FA82C86D539001F43A3 /* HomeViewModel.swift */; };
		E49C9FAD2C86D756001F43A3 /* ListViewCell.swift in Sources */ = {isa = PBXBuildFile; fileRef = E49C9FAC2C86D756001F43A3 /* ListViewCell.swift */; };
		E49C9FB02C86ED28001F43A3 /* EventView.swift in Sources */ = {isa = PBXBuildFile; fileRef = E49C9FAF2C86ED28001F43A3 /* EventView.swift */; };
		E49C9FB22C86ED38001F43A3 /* FoodView.swift in Sources */ = {isa = PBXBuildFile; fileRef = E49C9FB12C86ED38001F43A3 /* FoodView.swift */; };
		E49C9FB42C86ED41001F43A3 /* GraduateView.swift in Sources */ = {isa = PBXBuildFile; fileRef = E49C9FB32C86ED41001F43A3 /* GraduateView.swift */; };
		E49C9FB62C86ED54001F43A3 /* InfoView.swift in Sources */ = {isa = PBXBuildFile; fileRef = E49C9FB52C86ED54001F43A3 /* InfoView.swift */; };
		E49C9FB82C86ED62001F43A3 /* InitiativeView.swift in Sources */ = {isa = PBXBuildFile; fileRef = E49C9FB72C86ED62001F43A3 /* InitiativeView.swift */; };
		E49C9FBA2C86ED75001F43A3 /* MoneyView.swift in Sources */ = {isa = PBXBuildFile; fileRef = E49C9FB92C86ED75001F43A3 /* MoneyView.swift */; };
		E49C9FBC2C86ED7C001F43A3 /* MouView.swift in Sources */ = {isa = PBXBuildFile; fileRef = E49C9FBB2C86ED7C001F43A3 /* MouView.swift */; };
		E49C9FBE2C86ED82001F43A3 /* PlayView.swift in Sources */ = {isa = PBXBuildFile; fileRef = E49C9FBD2C86ED82001F43A3 /* PlayView.swift */; };
		E49C9FC82C86EFEA001F43A3 /* PlayViewModel.swift in Sources */ = {isa = PBXBuildFile; fileRef = E49C9FC72C86EFEA001F43A3 /* PlayViewModel.swift */; };
		E49C9FDA2C870557001F43A3 /* MouViewModel.swift in Sources */ = {isa = PBXBuildFile; fileRef = E49C9FD92C870557001F43A3 /* MouViewModel.swift */; };
		E49C9FDE2C87055D001F43A3 /* MoneyViewModel.swift in Sources */ = {isa = PBXBuildFile; fileRef = E49C9FDD2C87055D001F43A3 /* MoneyViewModel.swift */; };
		E49C9FE22C87056B001F43A3 /* InitiativeViewModel.swift in Sources */ = {isa = PBXBuildFile; fileRef = E49C9FE12C87056B001F43A3 /* InitiativeViewModel.swift */; };
		E49C9FE62C870572001F43A3 /* InfoViewModel.swift in Sources */ = {isa = PBXBuildFile; fileRef = E49C9FE52C870572001F43A3 /* InfoViewModel.swift */; };
		E49C9FEA2C87057A001F43A3 /* GraduateViewModel.swift in Sources */ = {isa = PBXBuildFile; fileRef = E49C9FE92C87057A001F43A3 /* GraduateViewModel.swift */; };
		E49C9FEE2C870582001F43A3 /* FoodViewModel.swift in Sources */ = {isa = PBXBuildFile; fileRef = E49C9FED2C870582001F43A3 /* FoodViewModel.swift */; };
		E49C9FF22C870589001F43A3 /* EventViewModel.swift in Sources */ = {isa = PBXBuildFile; fileRef = E49C9FF12C870589001F43A3 /* EventViewModel.swift */; };
		E49C9FF62C870BF8001F43A3 /* PlayViewCell.swift in Sources */ = {isa = PBXBuildFile; fileRef = E49C9FF52C870BF8001F43A3 /* PlayViewCell.swift */; };
		E49C9FF92C870C36001F43A3 /* PlayModel.swift in Sources */ = {isa = PBXBuildFile; fileRef = E49C9FF82C870C36001F43A3 /* PlayModel.swift */; };
		E49CA0112C88695F001F43A3 /* PageView.swift in Sources */ = {isa = PBXBuildFile; fileRef = E49CA0102C88695F001F43A3 /* PageView.swift */; };
		E49CA0132C886DC9001F43A3 /* HeartView.swift in Sources */ = {isa = PBXBuildFile; fileRef = E49CA0122C886DC9001F43A3 /* HeartView.swift */; };
		E4B3FCCA2C7751DB00CB98F3 /* AuthView.swift in Sources */ = {isa = PBXBuildFile; fileRef = E4B3FCC92C7751DB00CB98F3 /* AuthView.swift */; };
		E4B3FCCC2C7751DD00CB98F3 /* Assets.xcassets in Resources */ = {isa = PBXBuildFile; fileRef = E4B3FCCB2C7751DD00CB98F3 /* Assets.xcassets */; };
		E4B3FCCF2C7751DD00CB98F3 /* Preview Assets.xcassets in Resources */ = {isa = PBXBuildFile; fileRef = E4B3FCCE2C7751DD00CB98F3 /* Preview Assets.xcassets */; };
		E4B3FCF42C7754E400CB98F3 /* Color.xcassets in Resources */ = {isa = PBXBuildFile; fileRef = E4B3FCF32C7754E400CB98F3 /* Color.xcassets */; };
		E4B3FCF72C7754F500CB98F3 /* Color+Extension.swift in Sources */ = {isa = PBXBuildFile; fileRef = E4B3FCF62C7754F500CB98F3 /* Color+Extension.swift */; };
		E4B3FD002C77560200CB98F3 /* AuthViewModel.swift in Sources */ = {isa = PBXBuildFile; fileRef = E4B3FCFF2C77560200CB98F3 /* AuthViewModel.swift */; };
		E4B3FD022C77563600CB98F3 /* DIContainer.swift in Sources */ = {isa = PBXBuildFile; fileRef = E4B3FD012C77563600CB98F3 /* DIContainer.swift */; };
		E4B3FD042C77577100CB98F3 /* Services.swift in Sources */ = {isa = PBXBuildFile; fileRef = E4B3FD032C77577100CB98F3 /* Services.swift */; };
		E4B3FD082C775B5300CB98F3 /* LoginView.swift in Sources */ = {isa = PBXBuildFile; fileRef = E4B3FD072C775B5300CB98F3 /* LoginView.swift */; };
		E4B3FD0C2C775D7000CB98F3 /* MainTabView.swift in Sources */ = {isa = PBXBuildFile; fileRef = E4B3FD0B2C775D7000CB98F3 /* MainTabView.swift */; };
		E4B3FD102C778D6C00CB98F3 /* MainTabType.swift in Sources */ = {isa = PBXBuildFile; fileRef = E4B3FD0F2C778D6C00CB98F3 /* MainTabType.swift */; };
		E4B3FD162C77902800CB98F3 /* HomeView.swift in Sources */ = {isa = PBXBuildFile; fileRef = E4B3FD152C77902800CB98F3 /* HomeView.swift */; };
		E4B3FD182C77903700CB98F3 /* ListView.swift in Sources */ = {isa = PBXBuildFile; fileRef = E4B3FD172C77903700CB98F3 /* ListView.swift */; };
		E4B3FD1E2C77905500CB98F3 /* SettingView.swift in Sources */ = {isa = PBXBuildFile; fileRef = E4B3FD1D2C77905500CB98F3 /* SettingView.swift */; };
		E4B3FD262C77A26D00CB98F3 /* AuthService.swift in Sources */ = {isa = PBXBuildFile; fileRef = E4B3FD252C77A26D00CB98F3 /* AuthService.swift */; };
		E4B3FD282C77A42900CB98F3 /* UserModel.swift in Sources */ = {isa = PBXBuildFile; fileRef = E4B3FD272C77A42900CB98F3 /* UserModel.swift */; };
		E4B3FD2A2C786B0400CB98F3 /* randomNonceString.swift in Sources */ = {isa = PBXBuildFile; fileRef = E4B3FD292C786B0400CB98F3 /* randomNonceString.swift */; };
		E4B3FD2C2C786B0C00CB98F3 /* sha256.swift in Sources */ = {isa = PBXBuildFile; fileRef = E4B3FD2B2C786B0C00CB98F3 /* sha256.swift */; };
		E4B3FD2F2C7870F500CB98F3 /* Launch Screen.storyboard in Resources */ = {isa = PBXBuildFile; fileRef = E4B3FD2E2C7870F500CB98F3 /* Launch Screen.storyboard */; };
		E4B3FD312C7877C000CB98F3 /* flower.gif in Resources */ = {isa = PBXBuildFile; fileRef = E4B3FD302C7877C000CB98F3 /* flower.gif */; };
		E4B3FD372C7882C200CB98F3 /* CategoryType.swift in Sources */ = {isa = PBXBuildFile; fileRef = E4B3FD362C7882C200CB98F3 /* CategoryType.swift */; };
		E4F04BEF2C94475100F653DF /* CalendarView.swift in Sources */ = {isa = PBXBuildFile; fileRef = E4F04BEE2C94475100F653DF /* CalendarView.swift */; };
		E4F04BF22C94477600F653DF /* FSCalendar in Frameworks */ = {isa = PBXBuildFile; productRef = E4F04BF12C94477600F653DF /* FSCalendar */; };
		E4F04BF52C94477F00F653DF /* SnapKit in Frameworks */ = {isa = PBXBuildFile; productRef = E4F04BF42C94477F00F653DF /* SnapKit */; };
		E4F04BF82C94478800F653DF /* GoogleMobileAds in Frameworks */ = {isa = PBXBuildFile; productRef = E4F04BF72C94478800F653DF /* GoogleMobileAds */; };
		E4F04BFA2C94479100F653DF /* AdMobView.swift in Sources */ = {isa = PBXBuildFile; fileRef = E4F04BF92C94479100F653DF /* AdMobView.swift */; };
		E4F04BFE2C96C53900F653DF /* InitiativeViewCell.swift in Sources */ = {isa = PBXBuildFile; fileRef = E4F04BFD2C96C53900F653DF /* InitiativeViewCell.swift */; };
		E4F04C012C96C55B00F653DF /* InitiativeModel.swift in Sources */ = {isa = PBXBuildFile; fileRef = E4F04C002C96C55B00F653DF /* InitiativeModel.swift */; };
		E4F04C042C96CF3900F653DF /* SplitType.swift in Sources */ = {isa = PBXBuildFile; fileRef = E4F04C032C96CF3900F653DF /* SplitType.swift */; };
		E4F04C0C2C9878A600F653DF /* CalendarViewModel.swift in Sources */ = {isa = PBXBuildFile; fileRef = E4F04C0B2C9878A600F653DF /* CalendarViewModel.swift */; };
		E4F04C0F2C987CA500F653DF /* CalendarModel.swift in Sources */ = {isa = PBXBuildFile; fileRef = E4F04C0E2C987CA500F653DF /* CalendarModel.swift */; };
		E4F04C112C987D2A00F653DF /* CalendarDataCell.swift in Sources */ = {isa = PBXBuildFile; fileRef = E4F04C102C987D2A00F653DF /* CalendarDataCell.swift */; };
/* End PBXBuildFile section */

/* Begin PBXFileReference section */
		E47B2ECE2C79AF4C0039E2E0 /* SettingType.swift */ = {isa = PBXFileReference; lastKnownFileType = sourcecode.swift; path = SettingType.swift; sourceTree = "<group>"; };
		E492226F2C9C87DA0077EA45 /* RequestInterceptor + Extension.swift */ = {isa = PBXFileReference; lastKnownFileType = sourcecode.swift; path = "RequestInterceptor + Extension.swift"; sourceTree = "<group>"; };
		E49222742C9EE7650077EA45 /* ChartView.swift */ = {isa = PBXFileReference; lastKnownFileType = sourcecode.swift; path = ChartView.swift; sourceTree = "<group>"; };
		E49222762C9F01F80077EA45 /* DepartModel.swift */ = {isa = PBXFileReference; lastKnownFileType = sourcecode.swift; path = DepartModel.swift; sourceTree = "<group>"; };
		E49222782C9F10240077EA45 /* SeperateView.swift */ = {isa = PBXFileReference; lastKnownFileType = sourcecode.swift; path = SeperateView.swift; sourceTree = "<group>"; };
		E4953D212C888A64008CBDE5 /* HeartViewModel.swift */ = {isa = PBXFileReference; lastKnownFileType = sourcecode.swift; path = HeartViewModel.swift; sourceTree = "<group>"; };
		E4953D232C897CCE008CBDE5 /* ListDetailView.swift */ = {isa = PBXFileReference; lastKnownFileType = sourcecode.swift; path = ListDetailView.swift; sourceTree = "<group>"; };
		E4953D252C898B48008CBDE5 /* ListDetailViewModel.swift */ = {isa = PBXFileReference; lastKnownFileType = sourcecode.swift; path = ListDetailViewModel.swift; sourceTree = "<group>"; };
		E4953D272C899013008CBDE5 /* ListDetailType.swift */ = {isa = PBXFileReference; lastKnownFileType = sourcecode.swift; path = ListDetailType.swift; sourceTree = "<group>"; };
		E4953D2A2C89C76F008CBDE5 /* location.gif */ = {isa = PBXFileReference; lastKnownFileType = image.gif; path = location.gif; sourceTree = "<group>"; };
		E4953D2B2C89C770008CBDE5 /* firework.gif */ = {isa = PBXFileReference; lastKnownFileType = image.gif; path = firework.gif; sourceTree = "<group>"; };
		E4953D2C2C89C770008CBDE5 /* star.gif */ = {isa = PBXFileReference; lastKnownFileType = image.gif; path = star.gif; sourceTree = "<group>"; };
		E4953D2D2C89C770008CBDE5 /* congratulations.gif */ = {isa = PBXFileReference; lastKnownFileType = image.gif; path = congratulations.gif; sourceTree = "<group>"; };
		E4953D2E2C89C770008CBDE5 /* load.gif */ = {isa = PBXFileReference; lastKnownFileType = image.gif; path = load.gif; sourceTree = "<group>"; };
		E4953D342C89C8DF008CBDE5 /* LoadingView.swift */ = {isa = PBXFileReference; lastKnownFileType = sourcecode.swift; path = LoadingView.swift; sourceTree = "<group>"; };
		E4953D3B2C89CDD5008CBDE5 /* View + Extension.swift */ = {isa = PBXFileReference; lastKnownFileType = sourcecode.swift; path = "View + Extension.swift"; sourceTree = "<group>"; };
		E4953D3E2C89CDF6008CBDE5 /* LoadingModifier.swift */ = {isa = PBXFileReference; lastKnownFileType = sourcecode.swift; path = LoadingModifier.swift; sourceTree = "<group>"; };
		E4953D412C89D516008CBDE5 /* ListCellDestination.swift */ = {isa = PBXFileReference; lastKnownFileType = sourcecode.swift; path = ListCellDestination.swift; sourceTree = "<group>"; };
		E4953D432C89D60D008CBDE5 /* PlayDetailView.swift */ = {isa = PBXFileReference; lastKnownFileType = sourcecode.swift; path = PlayDetailView.swift; sourceTree = "<group>"; };
		E4953D452C89D649008CBDE5 /* MouDetailView.swift */ = {isa = PBXFileReference; lastKnownFileType = sourcecode.swift; path = MouDetailView.swift; sourceTree = "<group>"; };
		E4953D472C89D67C008CBDE5 /* MoneyDetailView.swift */ = {isa = PBXFileReference; lastKnownFileType = sourcecode.swift; path = MoneyDetailView.swift; sourceTree = "<group>"; };
		E4953D492C89D6A2008CBDE5 /* InitiativeDetailView.swift */ = {isa = PBXFileReference; lastKnownFileType = sourcecode.swift; path = InitiativeDetailView.swift; sourceTree = "<group>"; };
		E4953D4B2C89D6CC008CBDE5 /* InfoDetailView.swift */ = {isa = PBXFileReference; lastKnownFileType = sourcecode.swift; path = InfoDetailView.swift; sourceTree = "<group>"; };
		E4953D4D2C89D6E3008CBDE5 /* GraduateDetailView.swift */ = {isa = PBXFileReference; lastKnownFileType = sourcecode.swift; path = GraduateDetailView.swift; sourceTree = "<group>"; };
		E4953D4F2C89D704008CBDE5 /* FoodDetailView.swift */ = {isa = PBXFileReference; lastKnownFileType = sourcecode.swift; path = FoodDetailView.swift; sourceTree = "<group>"; };
		E4953D512C89D725008CBDE5 /* EventDetailView.swift */ = {isa = PBXFileReference; lastKnownFileType = sourcecode.swift; path = EventDetailView.swift; sourceTree = "<group>"; };
		E4953D582C8AFF36008CBDE5 /* FoodViewCell.swift */ = {isa = PBXFileReference; lastKnownFileType = sourcecode.swift; path = FoodViewCell.swift; sourceTree = "<group>"; };
		E4953D5B2C8B0544008CBDE5 /* FoodModel.swift */ = {isa = PBXFileReference; lastKnownFileType = sourcecode.swift; path = FoodModel.swift; sourceTree = "<group>"; };
		E4953D5D2C8B0DC3008CBDE5 /* Object.swift */ = {isa = PBXFileReference; lastKnownFileType = sourcecode.swift; path = Object.swift; sourceTree = "<group>"; };
		E4953D5F2C8B0E36008CBDE5 /* HScrollView.swift */ = {isa = PBXFileReference; lastKnownFileType = sourcecode.swift; path = HScrollView.swift; sourceTree = "<group>"; };
		E4953D622C8D8497008CBDE5 /* ChartData.swift */ = {isa = PBXFileReference; lastKnownFileType = sourcecode.swift; path = ChartData.swift; sourceTree = "<group>"; };
		E4953D6E2C8ECE90008CBDE5 /* Alamofire.swift */ = {isa = PBXFileReference; lastKnownFileType = sourcecode.swift; path = Alamofire.swift; sourceTree = "<group>"; };
		E4953D702C8ED137008CBDE5 /* APIEndpoint.swift */ = {isa = PBXFileReference; lastKnownFileType = sourcecode.swift; path = APIEndpoint.swift; sourceTree = "<group>"; };
		E4953D722C8EDB35008CBDE5 /* ListService.swift */ = {isa = PBXFileReference; lastKnownFileType = sourcecode.swift; path = ListService.swift; sourceTree = "<group>"; };
		E4953D742C8EDC08008CBDE5 /* SummaryModel.swift */ = {isa = PBXFileReference; lastKnownFileType = sourcecode.swift; path = SummaryModel.swift; sourceTree = "<group>"; };
		E4953D762C8EE00D008CBDE5 /* Phase.swift */ = {isa = PBXFileReference; lastKnownFileType = sourcecode.swift; path = Phase.swift; sourceTree = "<group>"; };
		E4953D7B2C8EE4F2008CBDE5 /* ErrorView.swift */ = {isa = PBXFileReference; fileEncoding = 4; lastKnownFileType = sourcecode.swift; path = ErrorView.swift; sourceTree = "<group>"; };
		E4953D7C2C8EE4F2008CBDE5 /* PlaceholderView.swift */ = {isa = PBXFileReference; fileEncoding = 4; lastKnownFileType = sourcecode.swift; path = PlaceholderView.swift; sourceTree = "<group>"; };
		E4953D7F2C8EECC8008CBDE5 /* HomeService.swift */ = {isa = PBXFileReference; lastKnownFileType = sourcecode.swift; path = HomeService.swift; sourceTree = "<group>"; };
		E4953D842C8EED37008CBDE5 /* BannerModel.swift */ = {isa = PBXFileReference; lastKnownFileType = sourcecode.swift; path = BannerModel.swift; sourceTree = "<group>"; };
		E4953D862C8EEE7D008CBDE5 /* ScoreImageModel.swift */ = {isa = PBXFileReference; lastKnownFileType = sourcecode.swift; path = ScoreImageModel.swift; sourceTree = "<group>"; };
		E4953D8F2C8F35BA008CBDE5 /* error.gif */ = {isa = PBXFileReference; lastKnownFileType = image.gif; path = error.gif; sourceTree = "<group>"; };
		E4953D912C8F3AA3008CBDE5 /* SearchService.swift */ = {isa = PBXFileReference; lastKnownFileType = sourcecode.swift; path = SearchService.swift; sourceTree = "<group>"; };
		E4953D932C901971008CBDE5 /* HeartService.swift */ = {isa = PBXFileReference; lastKnownFileType = sourcecode.swift; path = HeartService.swift; sourceTree = "<group>"; };
		E4953D9B2C903D41008CBDE5 /* ListModel.swift */ = {isa = PBXFileReference; fileEncoding = 4; lastKnownFileType = sourcecode.swift; path = ListModel.swift; sourceTree = "<group>"; };
		E4953D9D2C903FC1008CBDE5 /* HeartViewCell.swift */ = {isa = PBXFileReference; lastKnownFileType = sourcecode.swift; path = HeartViewCell.swift; sourceTree = "<group>"; };
		E4953D9F2C906282008CBDE5 /* SettingViewModel.swift */ = {isa = PBXFileReference; lastKnownFileType = sourcecode.swift; path = SettingViewModel.swift; sourceTree = "<group>"; };
		E4953DA12C906399008CBDE5 /* WebKitView.swift */ = {isa = PBXFileReference; lastKnownFileType = sourcecode.swift; path = WebKitView.swift; sourceTree = "<group>"; };
		E4953DA42C90643C008CBDE5 /* VersionView.swift */ = {isa = PBXFileReference; lastKnownFileType = sourcecode.swift; path = VersionView.swift; sourceTree = "<group>"; };
		E4953DA62C90645C008CBDE5 /* PolicyView.swift */ = {isa = PBXFileReference; lastKnownFileType = sourcecode.swift; path = PolicyView.swift; sourceTree = "<group>"; };
		E4953DA82C906486008CBDE5 /* WithdrawView.swift */ = {isa = PBXFileReference; lastKnownFileType = sourcecode.swift; path = WithdrawView.swift; sourceTree = "<group>"; };
		E4953DAA2C90654E008CBDE5 /* LogoutView.swift */ = {isa = PBXFileReference; lastKnownFileType = sourcecode.swift; path = LogoutView.swift; sourceTree = "<group>"; };
		E4953DAC2C906720008CBDE5 /* withdraw.gif */ = {isa = PBXFileReference; lastKnownFileType = image.gif; path = withdraw.gif; sourceTree = "<group>"; };
		E4953DAF2C906C95008CBDE5 /* ListDetailModel.swift */ = {isa = PBXFileReference; lastKnownFileType = sourcecode.swift; path = ListDetailModel.swift; sourceTree = "<group>"; };
		E49C9F9A2C85DE06001F43A3 /* UnivAppApp.swift */ = {isa = PBXFileReference; fileEncoding = 4; lastKnownFileType = sourcecode.swift; path = UnivAppApp.swift; sourceTree = "<group>"; };
		E49C9F9E2C86CF70001F43A3 /* EmptyView.swift */ = {isa = PBXFileReference; lastKnownFileType = sourcecode.swift; path = EmptyView.swift; sourceTree = "<group>"; };
		E49C9FA62C86D3BC001F43A3 /* ListViewModel.swift */ = {isa = PBXFileReference; lastKnownFileType = sourcecode.swift; path = ListViewModel.swift; sourceTree = "<group>"; };
		E49C9FA82C86D539001F43A3 /* HomeViewModel.swift */ = {isa = PBXFileReference; lastKnownFileType = sourcecode.swift; path = HomeViewModel.swift; sourceTree = "<group>"; };
		E49C9FAC2C86D756001F43A3 /* ListViewCell.swift */ = {isa = PBXFileReference; lastKnownFileType = sourcecode.swift; path = ListViewCell.swift; sourceTree = "<group>"; };
		E49C9FAF2C86ED28001F43A3 /* EventView.swift */ = {isa = PBXFileReference; lastKnownFileType = sourcecode.swift; path = EventView.swift; sourceTree = "<group>"; };
		E49C9FB12C86ED38001F43A3 /* FoodView.swift */ = {isa = PBXFileReference; lastKnownFileType = sourcecode.swift; path = FoodView.swift; sourceTree = "<group>"; };
		E49C9FB32C86ED41001F43A3 /* GraduateView.swift */ = {isa = PBXFileReference; lastKnownFileType = sourcecode.swift; path = GraduateView.swift; sourceTree = "<group>"; };
		E49C9FB52C86ED54001F43A3 /* InfoView.swift */ = {isa = PBXFileReference; lastKnownFileType = sourcecode.swift; path = InfoView.swift; sourceTree = "<group>"; };
		E49C9FB72C86ED62001F43A3 /* InitiativeView.swift */ = {isa = PBXFileReference; lastKnownFileType = sourcecode.swift; path = InitiativeView.swift; sourceTree = "<group>"; };
		E49C9FB92C86ED75001F43A3 /* MoneyView.swift */ = {isa = PBXFileReference; lastKnownFileType = sourcecode.swift; path = MoneyView.swift; sourceTree = "<group>"; };
		E49C9FBB2C86ED7C001F43A3 /* MouView.swift */ = {isa = PBXFileReference; lastKnownFileType = sourcecode.swift; path = MouView.swift; sourceTree = "<group>"; };
		E49C9FBD2C86ED82001F43A3 /* PlayView.swift */ = {isa = PBXFileReference; lastKnownFileType = sourcecode.swift; path = PlayView.swift; sourceTree = "<group>"; };
		E49C9FC72C86EFEA001F43A3 /* PlayViewModel.swift */ = {isa = PBXFileReference; lastKnownFileType = sourcecode.swift; path = PlayViewModel.swift; sourceTree = "<group>"; };
		E49C9FD92C870557001F43A3 /* MouViewModel.swift */ = {isa = PBXFileReference; lastKnownFileType = sourcecode.swift; path = MouViewModel.swift; sourceTree = "<group>"; };
		E49C9FDD2C87055D001F43A3 /* MoneyViewModel.swift */ = {isa = PBXFileReference; lastKnownFileType = sourcecode.swift; path = MoneyViewModel.swift; sourceTree = "<group>"; };
		E49C9FE12C87056B001F43A3 /* InitiativeViewModel.swift */ = {isa = PBXFileReference; lastKnownFileType = sourcecode.swift; path = InitiativeViewModel.swift; sourceTree = "<group>"; };
		E49C9FE52C870572001F43A3 /* InfoViewModel.swift */ = {isa = PBXFileReference; lastKnownFileType = sourcecode.swift; path = InfoViewModel.swift; sourceTree = "<group>"; };
		E49C9FE92C87057A001F43A3 /* GraduateViewModel.swift */ = {isa = PBXFileReference; lastKnownFileType = sourcecode.swift; path = GraduateViewModel.swift; sourceTree = "<group>"; };
		E49C9FED2C870582001F43A3 /* FoodViewModel.swift */ = {isa = PBXFileReference; lastKnownFileType = sourcecode.swift; path = FoodViewModel.swift; sourceTree = "<group>"; };
		E49C9FF12C870589001F43A3 /* EventViewModel.swift */ = {isa = PBXFileReference; lastKnownFileType = sourcecode.swift; path = EventViewModel.swift; sourceTree = "<group>"; };
		E49C9FF52C870BF8001F43A3 /* PlayViewCell.swift */ = {isa = PBXFileReference; lastKnownFileType = sourcecode.swift; path = PlayViewCell.swift; sourceTree = "<group>"; };
		E49C9FF82C870C36001F43A3 /* PlayModel.swift */ = {isa = PBXFileReference; lastKnownFileType = sourcecode.swift; path = PlayModel.swift; sourceTree = "<group>"; };
		E49CA0102C88695F001F43A3 /* PageView.swift */ = {isa = PBXFileReference; lastKnownFileType = sourcecode.swift; path = PageView.swift; sourceTree = "<group>"; };
		E49CA0122C886DC9001F43A3 /* HeartView.swift */ = {isa = PBXFileReference; lastKnownFileType = sourcecode.swift; path = HeartView.swift; sourceTree = "<group>"; };
		E4B3FCC42C7751DB00CB98F3 /* UnivApp.app */ = {isa = PBXFileReference; explicitFileType = wrapper.application; includeInIndex = 0; path = UnivApp.app; sourceTree = BUILT_PRODUCTS_DIR; };
		E4B3FCC92C7751DB00CB98F3 /* AuthView.swift */ = {isa = PBXFileReference; lastKnownFileType = sourcecode.swift; path = AuthView.swift; sourceTree = "<group>"; };
		E4B3FCCB2C7751DD00CB98F3 /* Assets.xcassets */ = {isa = PBXFileReference; lastKnownFileType = folder.assetcatalog; path = Assets.xcassets; sourceTree = "<group>"; };
		E4B3FCCE2C7751DD00CB98F3 /* Preview Assets.xcassets */ = {isa = PBXFileReference; lastKnownFileType = folder.assetcatalog; path = "Preview Assets.xcassets"; sourceTree = "<group>"; };
		E4B3FCF32C7754E400CB98F3 /* Color.xcassets */ = {isa = PBXFileReference; lastKnownFileType = folder.assetcatalog; path = Color.xcassets; sourceTree = "<group>"; };
		E4B3FCF62C7754F500CB98F3 /* Color+Extension.swift */ = {isa = PBXFileReference; lastKnownFileType = sourcecode.swift; path = "Color+Extension.swift"; sourceTree = "<group>"; };
		E4B3FCFF2C77560200CB98F3 /* AuthViewModel.swift */ = {isa = PBXFileReference; lastKnownFileType = sourcecode.swift; path = AuthViewModel.swift; sourceTree = "<group>"; };
		E4B3FD012C77563600CB98F3 /* DIContainer.swift */ = {isa = PBXFileReference; lastKnownFileType = sourcecode.swift; path = DIContainer.swift; sourceTree = "<group>"; };
		E4B3FD032C77577100CB98F3 /* Services.swift */ = {isa = PBXFileReference; lastKnownFileType = sourcecode.swift; path = Services.swift; sourceTree = "<group>"; };
		E4B3FD072C775B5300CB98F3 /* LoginView.swift */ = {isa = PBXFileReference; lastKnownFileType = sourcecode.swift; path = LoginView.swift; sourceTree = "<group>"; };
		E4B3FD0B2C775D7000CB98F3 /* MainTabView.swift */ = {isa = PBXFileReference; lastKnownFileType = sourcecode.swift; path = MainTabView.swift; sourceTree = "<group>"; };
		E4B3FD0F2C778D6C00CB98F3 /* MainTabType.swift */ = {isa = PBXFileReference; lastKnownFileType = sourcecode.swift; path = MainTabType.swift; sourceTree = "<group>"; };
		E4B3FD152C77902800CB98F3 /* HomeView.swift */ = {isa = PBXFileReference; lastKnownFileType = sourcecode.swift; path = HomeView.swift; sourceTree = "<group>"; };
		E4B3FD172C77903700CB98F3 /* ListView.swift */ = {isa = PBXFileReference; lastKnownFileType = sourcecode.swift; path = ListView.swift; sourceTree = "<group>"; };
		E4B3FD1D2C77905500CB98F3 /* SettingView.swift */ = {isa = PBXFileReference; lastKnownFileType = sourcecode.swift; path = SettingView.swift; sourceTree = "<group>"; };
		E4B3FD252C77A26D00CB98F3 /* AuthService.swift */ = {isa = PBXFileReference; lastKnownFileType = sourcecode.swift; path = AuthService.swift; sourceTree = "<group>"; };
		E4B3FD272C77A42900CB98F3 /* UserModel.swift */ = {isa = PBXFileReference; lastKnownFileType = sourcecode.swift; path = UserModel.swift; sourceTree = "<group>"; };
		E4B3FD292C786B0400CB98F3 /* randomNonceString.swift */ = {isa = PBXFileReference; fileEncoding = 4; lastKnownFileType = sourcecode.swift; path = randomNonceString.swift; sourceTree = "<group>"; };
		E4B3FD2B2C786B0C00CB98F3 /* sha256.swift */ = {isa = PBXFileReference; fileEncoding = 4; lastKnownFileType = sourcecode.swift; path = sha256.swift; sourceTree = "<group>"; };
		E4B3FD2D2C786F0000CB98F3 /* UnivApp.entitlements */ = {isa = PBXFileReference; lastKnownFileType = text.plist.entitlements; path = UnivApp.entitlements; sourceTree = "<group>"; };
		E4B3FD2E2C7870F500CB98F3 /* Launch Screen.storyboard */ = {isa = PBXFileReference; lastKnownFileType = file.storyboard; path = "Launch Screen.storyboard"; sourceTree = "<group>"; };
		E4B3FD302C7877C000CB98F3 /* flower.gif */ = {isa = PBXFileReference; lastKnownFileType = image.gif; path = flower.gif; sourceTree = "<group>"; };
		E4B3FD362C7882C200CB98F3 /* CategoryType.swift */ = {isa = PBXFileReference; lastKnownFileType = sourcecode.swift; path = CategoryType.swift; sourceTree = "<group>"; };
		E4EA25602C85CEF000DC5D55 /* Info.plist */ = {isa = PBXFileReference; lastKnownFileType = text.plist; path = Info.plist; sourceTree = "<group>"; };
		E4F04BEE2C94475100F653DF /* CalendarView.swift */ = {isa = PBXFileReference; lastKnownFileType = sourcecode.swift; path = CalendarView.swift; sourceTree = "<group>"; };
		E4F04BF92C94479100F653DF /* AdMobView.swift */ = {isa = PBXFileReference; lastKnownFileType = sourcecode.swift; path = AdMobView.swift; sourceTree = "<group>"; };
		E4F04BFD2C96C53900F653DF /* InitiativeViewCell.swift */ = {isa = PBXFileReference; lastKnownFileType = sourcecode.swift; path = InitiativeViewCell.swift; sourceTree = "<group>"; };
		E4F04C002C96C55B00F653DF /* InitiativeModel.swift */ = {isa = PBXFileReference; lastKnownFileType = sourcecode.swift; path = InitiativeModel.swift; sourceTree = "<group>"; };
		E4F04C032C96CF3900F653DF /* SplitType.swift */ = {isa = PBXFileReference; lastKnownFileType = sourcecode.swift; path = SplitType.swift; sourceTree = "<group>"; };
		E4F04C0B2C9878A600F653DF /* CalendarViewModel.swift */ = {isa = PBXFileReference; lastKnownFileType = sourcecode.swift; path = CalendarViewModel.swift; sourceTree = "<group>"; };
		E4F04C0E2C987CA500F653DF /* CalendarModel.swift */ = {isa = PBXFileReference; lastKnownFileType = sourcecode.swift; path = CalendarModel.swift; sourceTree = "<group>"; };
		E4F04C102C987D2A00F653DF /* CalendarDataCell.swift */ = {isa = PBXFileReference; lastKnownFileType = sourcecode.swift; path = CalendarDataCell.swift; sourceTree = "<group>"; };
/* End PBXFileReference section */

/* Begin PBXFrameworksBuildPhase section */
		E4B3FCC12C7751DB00CB98F3 /* Frameworks */ = {
			isa = PBXFrameworksBuildPhase;
			buildActionMask = 2147483647;
			files = (
				E4F04BF82C94478800F653DF /* GoogleMobileAds in Frameworks */,
				E4953D382C89C924008CBDE5 /* Kingfisher in Frameworks */,
				E4F04BF22C94477600F653DF /* FSCalendar in Frameworks */,
				E4953D662C8ECD14008CBDE5 /* Alamofire in Frameworks */,
				E4953D7A2C8EE21D008CBDE5 /* SwiftKeychainWrapper in Frameworks */,
				E4F04BF52C94477F00F653DF /* SnapKit in Frameworks */,
			);
			runOnlyForDeploymentPostprocessing = 0;
		};
/* End PBXFrameworksBuildPhase section */

/* Begin PBXGroup section */
		E49222712C9EE7480077EA45 /* Chart */ = {
			isa = PBXGroup;
			children = (
				E49222742C9EE7650077EA45 /* ChartView.swift */,
			);
			path = Chart;
			sourceTree = "<group>";
		};
		E4953D292C89C762008CBDE5 /* Gif */ = {
			isa = PBXGroup;
			children = (
				E4953DAC2C906720008CBDE5 /* withdraw.gif */,
				E4953D8F2C8F35BA008CBDE5 /* error.gif */,
				E4953D2D2C89C770008CBDE5 /* congratulations.gif */,
				E4953D2B2C89C770008CBDE5 /* firework.gif */,
				E4953D2C2C89C770008CBDE5 /* star.gif */,
				E4953D2E2C89C770008CBDE5 /* load.gif */,
				E4953D2A2C89C76F008CBDE5 /* location.gif */,
				E4B3FD302C7877C000CB98F3 /* flower.gif */,
			);
			path = Gif;
			sourceTree = "<group>";
		};
		E4953D3D2C89CDDF008CBDE5 /* Loading */ = {
			isa = PBXGroup;
			children = (
				E4953D342C89C8DF008CBDE5 /* LoadingView.swift */,
				E4953D3E2C89CDF6008CBDE5 /* LoadingModifier.swift */,
			);
			path = Loading;
			sourceTree = "<group>";
		};
		E4953D402C89D4E5008CBDE5 /* ListCell */ = {
			isa = PBXGroup;
			children = (
				E49C9FAC2C86D756001F43A3 /* ListViewCell.swift */,
				E4953D412C89D516008CBDE5 /* ListCellDestination.swift */,
			);
			path = ListCell;
			sourceTree = "<group>";
		};
		E4953D532C8AF83F008CBDE5 /* FoodCell */ = {
			isa = PBXGroup;
			children = (
				E4953D582C8AFF36008CBDE5 /* FoodViewCell.swift */,
			);
			path = FoodCell;
			sourceTree = "<group>";
		};
		E4953D5A2C8B053D008CBDE5 /* Food */ = {
			isa = PBXGroup;
			children = (
				E4953D5B2C8B0544008CBDE5 /* FoodModel.swift */,
			);
			path = Food;
			sourceTree = "<group>";
		};
		E4953D612C8D8489008CBDE5 /* Money */ = {
			isa = PBXGroup;
			children = (
				E4953D622C8D8497008CBDE5 /* ChartData.swift */,
			);
			path = Money;
			sourceTree = "<group>";
		};
		E4953D692C8ECE3C008CBDE5 /* Alamofire */ = {
			isa = PBXGroup;
			children = (
				E4953D6E2C8ECE90008CBDE5 /* Alamofire.swift */,
				E4953D702C8ED137008CBDE5 /* APIEndpoint.swift */,
			);
			path = Alamofire;
			sourceTree = "<group>";
		};
		E4953D812C8EED27008CBDE5 /* Home */ = {
			isa = PBXGroup;
			children = (
				E4953D842C8EED37008CBDE5 /* BannerModel.swift */,
				E4953D862C8EEE7D008CBDE5 /* ScoreImageModel.swift */,
			);
			path = Home;
			sourceTree = "<group>";
		};
		E4953D9A2C901CDC008CBDE5 /* ListDetail */ = {
			isa = PBXGroup;
			children = (
				E4953D232C897CCE008CBDE5 /* ListDetailView.swift */,
				E4953D252C898B48008CBDE5 /* ListDetailViewModel.swift */,
				E4953D272C899013008CBDE5 /* ListDetailType.swift */,
			);
			path = ListDetail;
			sourceTree = "<group>";
		};
		E4953DA32C906423008CBDE5 /* Detail */ = {
			isa = PBXGroup;
			children = (
				E4953DA42C90643C008CBDE5 /* VersionView.swift */,
				E4953DA62C90645C008CBDE5 /* PolicyView.swift */,
				E4953DA82C906486008CBDE5 /* WithdrawView.swift */,
				E4953DAA2C90654E008CBDE5 /* LogoutView.swift */,
			);
			path = Detail;
			sourceTree = "<group>";
		};
		E49C9FA22C86D1EB001F43A3 /* User */ = {
			isa = PBXGroup;
			children = (
				E4B3FD272C77A42900CB98F3 /* UserModel.swift */,
			);
			path = User;
			sourceTree = "<group>";
		};
		E49C9FA32C86D1F2001F43A3 /* List */ = {
			isa = PBXGroup;
			children = (
				E4953D9B2C903D41008CBDE5 /* ListModel.swift */,
				E4953D742C8EDC08008CBDE5 /* SummaryModel.swift */,
				E4953DAF2C906C95008CBDE5 /* ListDetailModel.swift */,
				E49222762C9F01F80077EA45 /* DepartModel.swift */,
			);
			path = List;
			sourceTree = "<group>";
		};
		E49C9FAE2C86ED1B001F43A3 /* Category */ = {
			isa = PBXGroup;
			children = (
				E49C9FC62C86EFDE001F43A3 /* Play */,
				E49C9FC52C86EFD7001F43A3 /* Mou */,
				E49C9FC42C86EFD1001F43A3 /* Money */,
				E49C9FC32C86EFC9001F43A3 /* Initiative */,
				E49C9FC22C86EFC2001F43A3 /* Info */,
				E49C9FC12C86EFBA001F43A3 /* Graduate */,
				E49C9FC02C86EFB4001F43A3 /* Food */,
				E49C9FBF2C86EFAA001F43A3 /* Event */,
			);
			path = Category;
			sourceTree = "<group>";
		};
		E49C9FBF2C86EFAA001F43A3 /* Event */ = {
			isa = PBXGroup;
			children = (
				E49C9FAF2C86ED28001F43A3 /* EventView.swift */,
				E49C9FF12C870589001F43A3 /* EventViewModel.swift */,
				E4953D512C89D725008CBDE5 /* EventDetailView.swift */,
			);
			path = Event;
			sourceTree = "<group>";
		};
		E49C9FC02C86EFB4001F43A3 /* Food */ = {
			isa = PBXGroup;
			children = (
				E4953D532C8AF83F008CBDE5 /* FoodCell */,
				E49C9FB12C86ED38001F43A3 /* FoodView.swift */,
				E49C9FED2C870582001F43A3 /* FoodViewModel.swift */,
				E4953D4F2C89D704008CBDE5 /* FoodDetailView.swift */,
			);
			path = Food;
			sourceTree = "<group>";
		};
		E49C9FC12C86EFBA001F43A3 /* Graduate */ = {
			isa = PBXGroup;
			children = (
				E49C9FB32C86ED41001F43A3 /* GraduateView.swift */,
				E49C9FE92C87057A001F43A3 /* GraduateViewModel.swift */,
				E4953D4D2C89D6E3008CBDE5 /* GraduateDetailView.swift */,
			);
			path = Graduate;
			sourceTree = "<group>";
		};
		E49C9FC22C86EFC2001F43A3 /* Info */ = {
			isa = PBXGroup;
			children = (
				E49C9FB52C86ED54001F43A3 /* InfoView.swift */,
				E49C9FE52C870572001F43A3 /* InfoViewModel.swift */,
				E4953D4B2C89D6CC008CBDE5 /* InfoDetailView.swift */,
			);
			path = Info;
			sourceTree = "<group>";
		};
		E49C9FC32C86EFC9001F43A3 /* Initiative */ = {
			isa = PBXGroup;
			children = (
				E4F04BFC2C96C52400F653DF /* InitiativeCell */,
				E49C9FB72C86ED62001F43A3 /* InitiativeView.swift */,
				E49C9FE12C87056B001F43A3 /* InitiativeViewModel.swift */,
				E4953D492C89D6A2008CBDE5 /* InitiativeDetailView.swift */,
			);
			path = Initiative;
			sourceTree = "<group>";
		};
		E49C9FC42C86EFD1001F43A3 /* Money */ = {
			isa = PBXGroup;
			children = (
				E49C9FB92C86ED75001F43A3 /* MoneyView.swift */,
				E49C9FDD2C87055D001F43A3 /* MoneyViewModel.swift */,
				E4953D472C89D67C008CBDE5 /* MoneyDetailView.swift */,
			);
			path = Money;
			sourceTree = "<group>";
		};
		E49C9FC52C86EFD7001F43A3 /* Mou */ = {
			isa = PBXGroup;
			children = (
				E49C9FBB2C86ED7C001F43A3 /* MouView.swift */,
				E49C9FD92C870557001F43A3 /* MouViewModel.swift */,
				E4953D452C89D649008CBDE5 /* MouDetailView.swift */,
			);
			path = Mou;
			sourceTree = "<group>";
		};
		E49C9FC62C86EFDE001F43A3 /* Play */ = {
			isa = PBXGroup;
			children = (
				E49C9FBD2C86ED82001F43A3 /* PlayView.swift */,
				E49C9FC72C86EFEA001F43A3 /* PlayViewModel.swift */,
				E4953D432C89D60D008CBDE5 /* PlayDetailView.swift */,
			);
			path = Play;
			sourceTree = "<group>";
		};
		E49C9FF72C870C2F001F43A3 /* Play */ = {
			isa = PBXGroup;
			children = (
				E49C9FF82C870C36001F43A3 /* PlayModel.swift */,
			);
			path = Play;
			sourceTree = "<group>";
		};
		E4B3FCBB2C7751DB00CB98F3 = {
			isa = PBXGroup;
			children = (
				E4B3FCC62C7751DB00CB98F3 /* UnivApp */,
				E4B3FCC52C7751DB00CB98F3 /* Products */,
				E4EA25622C85D54800DC5D55 /* Frameworks */,
			);
			sourceTree = "<group>";
		};
		E4B3FCC52C7751DB00CB98F3 /* Products */ = {
			isa = PBXGroup;
			children = (
				E4B3FCC42C7751DB00CB98F3 /* UnivApp.app */,
			);
			name = Products;
			sourceTree = "<group>";
		};
		E4B3FCC62C7751DB00CB98F3 /* UnivApp */ = {
			isa = PBXGroup;
			children = (
				E4EA25602C85CEF000DC5D55 /* Info.plist */,
				E4B3FD2D2C786F0000CB98F3 /* UnivApp.entitlements */,
				E4B3FD2E2C7870F500CB98F3 /* Launch Screen.storyboard */,
				E49C9F9A2C85DE06001F43A3 /* UnivAppApp.swift */,
				E4EA25652C85D6DC00DC5D55 /* General */,
				E4B3FCFC2C7755B500CB98F3 /* Service */,
				E4B3FCFB2C7755AF00CB98F3 /* Model */,
				E4B3FCFA2C7755AB00CB98F3 /* Util */,
				E4B3FCF92C7755A200CB98F3 /* Provider */,
				E4B3FCF82C77559C00CB98F3 /* Repository */,
				E4B3FCF12C7754C800CB98F3 /* View */,
				E4B3FCF22C7754CF00CB98F3 /* Reference */,
				E4B3FCF52C7754E800CB98F3 /* Extension */,
				E4B3FCCD2C7751DD00CB98F3 /* Preview Content */,
			);
			path = UnivApp;
			sourceTree = "<group>";
		};
		E4B3FCCD2C7751DD00CB98F3 /* Preview Content */ = {
			isa = PBXGroup;
			children = (
				E4B3FCCE2C7751DD00CB98F3 /* Preview Assets.xcassets */,
			);
			path = "Preview Content";
			sourceTree = "<group>";
		};
		E4B3FCF12C7754C800CB98F3 /* View */ = {
			isa = PBXGroup;
			children = (
				E4F04BED2C94474300F653DF /* Calendar */,
				E49C9FAE2C86ED1B001F43A3 /* Category */,
				E4B3FD142C77902100CB98F3 /* Setting */,
				E4B3FD132C77901C00CB98F3 /* Heart */,
				E4B3FD122C77901900CB98F3 /* List */,
				E4B3FD112C77901400CB98F3 /* Home */,
				E4B3FD062C77589A00CB98F3 /* MainTab */,
				E4B3FD052C77589500CB98F3 /* Login */,
				E4B3FCFE2C7755DD00CB98F3 /* Auth */,
			);
			path = View;
			sourceTree = "<group>";
		};
		E4B3FCF22C7754CF00CB98F3 /* Reference */ = {
			isa = PBXGroup;
			children = (
				E4953D292C89C762008CBDE5 /* Gif */,
				E4B3FCCB2C7751DD00CB98F3 /* Assets.xcassets */,
				E4B3FCF32C7754E400CB98F3 /* Color.xcassets */,
			);
			path = Reference;
			sourceTree = "<group>";
		};
		E4B3FCF52C7754E800CB98F3 /* Extension */ = {
			isa = PBXGroup;
			children = (
				E4B3FCF62C7754F500CB98F3 /* Color+Extension.swift */,
				E4953D3B2C89CDD5008CBDE5 /* View + Extension.swift */,
				E492226F2C9C87DA0077EA45 /* RequestInterceptor + Extension.swift */,
			);
			path = Extension;
			sourceTree = "<group>";
		};
		E4B3FCF82C77559C00CB98F3 /* Repository */ = {
			isa = PBXGroup;
			children = (
			);
			path = Repository;
			sourceTree = "<group>";
		};
		E4B3FCF92C7755A200CB98F3 /* Provider */ = {
			isa = PBXGroup;
			children = (
				E4B3FD012C77563600CB98F3 /* DIContainer.swift */,
			);
			path = Provider;
			sourceTree = "<group>";
		};
		E4B3FCFA2C7755AB00CB98F3 /* Util */ = {
			isa = PBXGroup;
			children = (
				E4B3FD292C786B0400CB98F3 /* randomNonceString.swift */,
				E4B3FD2B2C786B0C00CB98F3 /* sha256.swift */,
			);
			path = Util;
			sourceTree = "<group>";
		};
		E4B3FCFB2C7755AF00CB98F3 /* Model */ = {
			isa = PBXGroup;
			children = (
				E4953D5D2C8B0DC3008CBDE5 /* Object.swift */,
				E4F04C0D2C987C9800F653DF /* Calendar */,
				E4F04BFF2C96C54B00F653DF /* Initiative */,
				E4953D812C8EED27008CBDE5 /* Home */,
				E4953D612C8D8489008CBDE5 /* Money */,
				E4953D5A2C8B053D008CBDE5 /* Food */,
				E49C9FF72C870C2F001F43A3 /* Play */,
				E49C9FA32C86D1F2001F43A3 /* List */,
				E49C9FA22C86D1EB001F43A3 /* User */,
			);
			path = Model;
			sourceTree = "<group>";
		};
		E4B3FCFC2C7755B500CB98F3 /* Service */ = {
			isa = PBXGroup;
			children = (
				E4953D692C8ECE3C008CBDE5 /* Alamofire */,
				E4B3FD032C77577100CB98F3 /* Services.swift */,
				E4953D722C8EDB35008CBDE5 /* ListService.swift */,
				E4B3FD252C77A26D00CB98F3 /* AuthService.swift */,
				E4953D7F2C8EECC8008CBDE5 /* HomeService.swift */,
				E4953D912C8F3AA3008CBDE5 /* SearchService.swift */,
				E4953D932C901971008CBDE5 /* HeartService.swift */,
			);
			path = Service;
			sourceTree = "<group>";
		};
		E4B3FCFE2C7755DD00CB98F3 /* Auth */ = {
			isa = PBXGroup;
			children = (
				E4B3FCC92C7751DB00CB98F3 /* AuthView.swift */,
				E4B3FCFF2C77560200CB98F3 /* AuthViewModel.swift */,
			);
			path = Auth;
			sourceTree = "<group>";
		};
		E4B3FD052C77589500CB98F3 /* Login */ = {
			isa = PBXGroup;
			children = (
				E4B3FD072C775B5300CB98F3 /* LoginView.swift */,
			);
			path = Login;
			sourceTree = "<group>";
		};
		E4B3FD062C77589A00CB98F3 /* MainTab */ = {
			isa = PBXGroup;
			children = (
				E4B3FD0B2C775D7000CB98F3 /* MainTabView.swift */,
				E4B3FD0F2C778D6C00CB98F3 /* MainTabType.swift */,
			);
			path = MainTab;
			sourceTree = "<group>";
		};
		E4B3FD112C77901400CB98F3 /* Home */ = {
			isa = PBXGroup;
			children = (
				E4F04C022C96CF2A00F653DF /* SplitType */,
				E4B3FD152C77902800CB98F3 /* HomeView.swift */,
				E4B3FD362C7882C200CB98F3 /* CategoryType.swift */,
				E49C9FA82C86D539001F43A3 /* HomeViewModel.swift */,
			);
			path = Home;
			sourceTree = "<group>";
		};
		E4B3FD122C77901900CB98F3 /* List */ = {
			isa = PBXGroup;
			children = (
				E4953D9A2C901CDC008CBDE5 /* ListDetail */,
				E4953D402C89D4E5008CBDE5 /* ListCell */,
				E4B3FD172C77903700CB98F3 /* ListView.swift */,
				E49C9FA62C86D3BC001F43A3 /* ListViewModel.swift */,
			);
			path = List;
			sourceTree = "<group>";
		};
		E4B3FD132C77901C00CB98F3 /* Heart */ = {
			isa = PBXGroup;
			children = (
				E49CA0122C886DC9001F43A3 /* HeartView.swift */,
				E4953D212C888A64008CBDE5 /* HeartViewModel.swift */,
				E4953D9D2C903FC1008CBDE5 /* HeartViewCell.swift */,
			);
			path = Heart;
			sourceTree = "<group>";
		};
		E4B3FD142C77902100CB98F3 /* Setting */ = {
			isa = PBXGroup;
			children = (
				E4953DA32C906423008CBDE5 /* Detail */,
				E4B3FD1D2C77905500CB98F3 /* SettingView.swift */,
				E47B2ECE2C79AF4C0039E2E0 /* SettingType.swift */,
				E4953D9F2C906282008CBDE5 /* SettingViewModel.swift */,
			);
			path = Setting;
			sourceTree = "<group>";
		};
		E4EA25622C85D54800DC5D55 /* Frameworks */ = {
			isa = PBXGroup;
			children = (
			);
			name = Frameworks;
			sourceTree = "<group>";
		};
		E4EA25652C85D6DC00DC5D55 /* General */ = {
			isa = PBXGroup;
			children = (
				E4EA25662C85D6E500DC5D55 /* View */,
				E4953D762C8EE00D008CBDE5 /* Phase.swift */,
			);
			path = General;
			sourceTree = "<group>";
		};
		E4EA25662C85D6E500DC5D55 /* View */ = {
			isa = PBXGroup;
			children = (
				E49222712C9EE7480077EA45 /* Chart */,
				E4F04BEC2C94472800F653DF /* AdMob */,
				E4F04BEB2C94471F00F653DF /* Web */,
				E4953D3D2C89CDDF008CBDE5 /* Loading */,
				E4953D7B2C8EE4F2008CBDE5 /* ErrorView.swift */,
				E4953D7C2C8EE4F2008CBDE5 /* PlaceholderView.swift */,
				E49C9F9E2C86CF70001F43A3 /* EmptyView.swift */,
				E49C9FF52C870BF8001F43A3 /* PlayViewCell.swift */,
				E49CA0102C88695F001F43A3 /* PageView.swift */,
				E4953D5F2C8B0E36008CBDE5 /* HScrollView.swift */,
				E49222782C9F10240077EA45 /* SeperateView.swift */,
			);
			path = View;
			sourceTree = "<group>";
		};
		E4F04BEB2C94471F00F653DF /* Web */ = {
			isa = PBXGroup;
			children = (
				E4953DA12C906399008CBDE5 /* WebKitView.swift */,
			);
			path = Web;
			sourceTree = "<group>";
		};
		E4F04BEC2C94472800F653DF /* AdMob */ = {
			isa = PBXGroup;
			children = (
				E4F04BF92C94479100F653DF /* AdMobView.swift */,
			);
			path = AdMob;
			sourceTree = "<group>";
		};
		E4F04BED2C94474300F653DF /* Calendar */ = {
			isa = PBXGroup;
			children = (
				E4F04BEE2C94475100F653DF /* CalendarView.swift */,
				E4F04C0B2C9878A600F653DF /* CalendarViewModel.swift */,
				E4F04C102C987D2A00F653DF /* CalendarDataCell.swift */,
			);
			path = Calendar;
			sourceTree = "<group>";
		};
		E4F04BFC2C96C52400F653DF /* InitiativeCell */ = {
			isa = PBXGroup;
			children = (
				E4F04BFD2C96C53900F653DF /* InitiativeViewCell.swift */,
			);
			path = InitiativeCell;
			sourceTree = "<group>";
		};
		E4F04BFF2C96C54B00F653DF /* Initiative */ = {
			isa = PBXGroup;
			children = (
				E4F04C002C96C55B00F653DF /* InitiativeModel.swift */,
			);
			path = Initiative;
			sourceTree = "<group>";
		};
		E4F04C022C96CF2A00F653DF /* SplitType */ = {
			isa = PBXGroup;
			children = (
				E4F04C032C96CF3900F653DF /* SplitType.swift */,
			);
			path = SplitType;
			sourceTree = "<group>";
		};
		E4F04C0D2C987C9800F653DF /* Calendar */ = {
			isa = PBXGroup;
			children = (
				E4F04C0E2C987CA500F653DF /* CalendarModel.swift */,
			);
			path = Calendar;
			sourceTree = "<group>";
		};
/* End PBXGroup section */

/* Begin PBXNativeTarget section */
		E4B3FCC32C7751DB00CB98F3 /* UnivApp */ = {
			isa = PBXNativeTarget;
			buildConfigurationList = E4B3FCE82C7751DD00CB98F3 /* Build configuration list for PBXNativeTarget "UnivApp" */;
			buildPhases = (
				E4B3FCC02C7751DB00CB98F3 /* Sources */,
				E4B3FCC12C7751DB00CB98F3 /* Frameworks */,
				E4B3FCC22C7751DB00CB98F3 /* Resources */,
			);
			buildRules = (
			);
			dependencies = (
			);
			name = UnivApp;
			packageProductDependencies = (
				E4953D372C89C924008CBDE5 /* Kingfisher */,
				E4953D652C8ECD14008CBDE5 /* Alamofire */,
				E4953D792C8EE21D008CBDE5 /* SwiftKeychainWrapper */,
				E4F04BF12C94477600F653DF /* FSCalendar */,
				E4F04BF42C94477F00F653DF /* SnapKit */,
				E4F04BF72C94478800F653DF /* GoogleMobileAds */,
			);
			productName = UnivApp;
			productReference = E4B3FCC42C7751DB00CB98F3 /* UnivApp.app */;
			productType = "com.apple.product-type.application";
		};
/* End PBXNativeTarget section */

/* Begin PBXProject section */
		E4B3FCBC2C7751DB00CB98F3 /* Project object */ = {
			isa = PBXProject;
			attributes = {
				BuildIndependentTargetsInParallel = 1;
				LastSwiftUpdateCheck = 1540;
				LastUpgradeCheck = 1540;
				TargetAttributes = {
					E4B3FCC32C7751DB00CB98F3 = {
						CreatedOnToolsVersion = 15.4;
					};
				};
			};
			buildConfigurationList = E4B3FCBF2C7751DB00CB98F3 /* Build configuration list for PBXProject "UnivApp" */;
			compatibilityVersion = "Xcode 14.0";
			developmentRegion = en;
			hasScannedForEncodings = 0;
			knownRegions = (
				en,
				Base,
			);
			mainGroup = E4B3FCBB2C7751DB00CB98F3;
			packageReferences = (
				E4953D362C89C924008CBDE5 /* XCRemoteSwiftPackageReference "Kingfisher" */,
				E4953D642C8ECD14008CBDE5 /* XCRemoteSwiftPackageReference "Alamofire" */,
				E4953D782C8EE21D008CBDE5 /* XCRemoteSwiftPackageReference "SwiftKeychainWrapper" */,
				E4F04BF02C94477600F653DF /* XCRemoteSwiftPackageReference "FSCalendar" */,
				E4F04BF32C94477F00F653DF /* XCRemoteSwiftPackageReference "SnapKit" */,
				E4F04BF62C94478800F653DF /* XCRemoteSwiftPackageReference "swift-package-manager-google-mobile-ads" */,
			);
			productRefGroup = E4B3FCC52C7751DB00CB98F3 /* Products */;
			projectDirPath = "";
			projectRoot = "";
			targets = (
				E4B3FCC32C7751DB00CB98F3 /* UnivApp */,
			);
		};
/* End PBXProject section */

/* Begin PBXResourcesBuildPhase section */
		E4B3FCC22C7751DB00CB98F3 /* Resources */ = {
			isa = PBXResourcesBuildPhase;
			buildActionMask = 2147483647;
			files = (
				E4B3FCCF2C7751DD00CB98F3 /* Preview Assets.xcassets in Resources */,
				E4953D302C89C770008CBDE5 /* firework.gif in Resources */,
				E4B3FCCC2C7751DD00CB98F3 /* Assets.xcassets in Resources */,
				E4953D2F2C89C770008CBDE5 /* location.gif in Resources */,
				E4953D312C89C770008CBDE5 /* star.gif in Resources */,
				E4953D902C8F35BA008CBDE5 /* error.gif in Resources */,
				E4B3FD2F2C7870F500CB98F3 /* Launch Screen.storyboard in Resources */,
				E4953D322C89C770008CBDE5 /* congratulations.gif in Resources */,
				E4953D332C89C770008CBDE5 /* load.gif in Resources */,
				E4B3FD312C7877C000CB98F3 /* flower.gif in Resources */,
				E4953DAD2C906720008CBDE5 /* withdraw.gif in Resources */,
				E4B3FCF42C7754E400CB98F3 /* Color.xcassets in Resources */,
			);
			runOnlyForDeploymentPostprocessing = 0;
		};
/* End PBXResourcesBuildPhase section */

/* Begin PBXSourcesBuildPhase section */
		E4B3FCC02C7751DB00CB98F3 /* Sources */ = {
			isa = PBXSourcesBuildPhase;
			buildActionMask = 2147483647;
			files = (
				E4953D6F2C8ECE90008CBDE5 /* Alamofire.swift in Sources */,
				E49222772C9F01F80077EA45 /* DepartModel.swift in Sources */,
				E49C9FB42C86ED41001F43A3 /* GraduateView.swift in Sources */,
				E4953D4C2C89D6CC008CBDE5 /* InfoDetailView.swift in Sources */,
				E4B3FD002C77560200CB98F3 /* AuthViewModel.swift in Sources */,
				E4B3FD2C2C786B0C00CB98F3 /* sha256.swift in Sources */,
				E4F04C042C96CF3900F653DF /* SplitType.swift in Sources */,
				E4953D872C8EEE7D008CBDE5 /* ScoreImageModel.swift in Sources */,
				E49222752C9EE7650077EA45 /* ChartView.swift in Sources */,
				E4953DB02C906C95008CBDE5 /* ListDetailModel.swift in Sources */,
				E49C9F9F2C86CF70001F43A3 /* EmptyView.swift in Sources */,
				E49C9FBE2C86ED82001F43A3 /* PlayView.swift in Sources */,
				E4953D712C8ED137008CBDE5 /* APIEndpoint.swift in Sources */,
				E4953D942C901972008CBDE5 /* HeartService.swift in Sources */,
				E4953D752C8EDC08008CBDE5 /* SummaryModel.swift in Sources */,
				E4953D5C2C8B0544008CBDE5 /* FoodModel.swift in Sources */,
				E49C9FA92C86D539001F43A3 /* HomeViewModel.swift in Sources */,
				E49C9FE22C87056B001F43A3 /* InitiativeViewModel.swift in Sources */,
				E4953D922C8F3AA3008CBDE5 /* SearchService.swift in Sources */,
				E4F04BFE2C96C53900F653DF /* InitiativeViewCell.swift in Sources */,
				E4B3FD182C77903700CB98F3 /* ListView.swift in Sources */,
				E49C9FC82C86EFEA001F43A3 /* PlayViewModel.swift in Sources */,
				E4953D732C8EDB35008CBDE5 /* ListService.swift in Sources */,
				E4953D442C89D60D008CBDE5 /* PlayDetailView.swift in Sources */,
				E4F04BEF2C94475100F653DF /* CalendarView.swift in Sources */,
				E49C9FBC2C86ED7C001F43A3 /* MouView.swift in Sources */,
				E4F04C0C2C9878A600F653DF /* CalendarViewModel.swift in Sources */,
				E4953D242C897CCE008CBDE5 /* ListDetailView.swift in Sources */,
				E49C9FDA2C870557001F43A3 /* MouViewModel.swift in Sources */,
				E4953D482C89D67C008CBDE5 /* MoneyDetailView.swift in Sources */,
				E4F04C0F2C987CA500F653DF /* CalendarModel.swift in Sources */,
				E4B3FD082C775B5300CB98F3 /* LoginView.swift in Sources */,
				E4F04BFA2C94479100F653DF /* AdMobView.swift in Sources */,
				E49222792C9F10240077EA45 /* SeperateView.swift in Sources */,
				E4953D222C888A64008CBDE5 /* HeartViewModel.swift in Sources */,
				E4B3FD0C2C775D7000CB98F3 /* MainTabView.swift in Sources */,
				E49222702C9C87DA0077EA45 /* RequestInterceptor + Extension.swift in Sources */,
				E4B3FD042C77577100CB98F3 /* Services.swift in Sources */,
				E4953DA72C90645C008CBDE5 /* PolicyView.swift in Sources */,
				E47B2ECF2C79AF4C0039E2E0 /* SettingType.swift in Sources */,
				E4B3FD1E2C77905500CB98F3 /* SettingView.swift in Sources */,
				E4B3FD2A2C786B0400CB98F3 /* randomNonceString.swift in Sources */,
				E49C9FEA2C87057A001F43A3 /* GraduateViewModel.swift in Sources */,
				E4953D592C8AFF36008CBDE5 /* FoodViewCell.swift in Sources */,
				E49C9FEE2C870582001F43A3 /* FoodViewModel.swift in Sources */,
				E4953DA52C90643C008CBDE5 /* VersionView.swift in Sources */,
				E4953DA92C906486008CBDE5 /* WithdrawView.swift in Sources */,
				E49C9FBA2C86ED75001F43A3 /* MoneyView.swift in Sources */,
				E49C9FB82C86ED62001F43A3 /* InitiativeView.swift in Sources */,
				E4953D462C89D649008CBDE5 /* MouDetailView.swift in Sources */,
				E4953DAB2C90654E008CBDE5 /* LogoutView.swift in Sources */,
				E4953D9E2C903FC1008CBDE5 /* HeartViewCell.swift in Sources */,
				E4B3FD282C77A42900CB98F3 /* UserModel.swift in Sources */,
				E4953D502C89D704008CBDE5 /* FoodDetailView.swift in Sources */,
				E4953D3F2C89CDF6008CBDE5 /* LoadingModifier.swift in Sources */,
				E4953D772C8EE00D008CBDE5 /* Phase.swift in Sources */,
				E4B3FCCA2C7751DB00CB98F3 /* AuthView.swift in Sources */,
				E49CA0112C88695F001F43A3 /* PageView.swift in Sources */,
				E4953D7D2C8EE4F2008CBDE5 /* ErrorView.swift in Sources */,
				E49C9FA72C86D3BC001F43A3 /* ListViewModel.swift in Sources */,
				E49C9FB22C86ED38001F43A3 /* FoodView.swift in Sources */,
				E49C9FDE2C87055D001F43A3 /* MoneyViewModel.swift in Sources */,
				E4F04C112C987D2A00F653DF /* CalendarDataCell.swift in Sources */,
				E4953D3C2C89CDD5008CBDE5 /* View + Extension.swift in Sources */,
				E49C9FAD2C86D756001F43A3 /* ListViewCell.swift in Sources */,
				E4B3FD102C778D6C00CB98F3 /* MainTabType.swift in Sources */,
				E49C9FE62C870572001F43A3 /* InfoViewModel.swift in Sources */,
				E4953D852C8EED37008CBDE5 /* BannerModel.swift in Sources */,
				E49C9FF22C870589001F43A3 /* EventViewModel.swift in Sources */,
				E4953D9C2C903D41008CBDE5 /* ListModel.swift in Sources */,
				E4953D602C8B0E36008CBDE5 /* HScrollView.swift in Sources */,
				E4F04C012C96C55B00F653DF /* InitiativeModel.swift in Sources */,
				E4953D4A2C89D6A2008CBDE5 /* InitiativeDetailView.swift in Sources */,
				E4953D4E2C89D6E3008CBDE5 /* GraduateDetailView.swift in Sources */,
				E4B3FD372C7882C200CB98F3 /* CategoryType.swift in Sources */,
				E49C9FF92C870C36001F43A3 /* PlayModel.swift in Sources */,
				E49C9FB02C86ED28001F43A3 /* EventView.swift in Sources */,
				E4B3FD022C77563600CB98F3 /* DIContainer.swift in Sources */,
				E49C9F9B2C85DE06001F43A3 /* UnivAppApp.swift in Sources */,
				E4953DA02C906282008CBDE5 /* SettingViewModel.swift in Sources */,
				E4B3FD162C77902800CB98F3 /* HomeView.swift in Sources */,
				E4953D422C89D516008CBDE5 /* ListCellDestination.swift in Sources */,
				E4B3FCF72C7754F500CB98F3 /* Color+Extension.swift in Sources */,
				E4953D352C89C8DF008CBDE5 /* LoadingView.swift in Sources */,
				E4953D7E2C8EE4F2008CBDE5 /* PlaceholderView.swift in Sources */,
				E49C9FB62C86ED54001F43A3 /* InfoView.swift in Sources */,
				E49C9FF62C870BF8001F43A3 /* PlayViewCell.swift in Sources */,
				E4953D522C89D725008CBDE5 /* EventDetailView.swift in Sources */,
				E49CA0132C886DC9001F43A3 /* HeartView.swift in Sources */,
				E4B3FD262C77A26D00CB98F3 /* AuthService.swift in Sources */,
				E4953D282C899013008CBDE5 /* ListDetailType.swift in Sources */,
				E4953D5E2C8B0DC3008CBDE5 /* Object.swift in Sources */,
				E4953DA22C906399008CBDE5 /* WebKitView.swift in Sources */,
				E4953D632C8D8497008CBDE5 /* ChartData.swift in Sources */,
				E4953D802C8EECC8008CBDE5 /* HomeService.swift in Sources */,
				E4953D262C898B48008CBDE5 /* ListDetailViewModel.swift in Sources */,
			);
			runOnlyForDeploymentPostprocessing = 0;
		};
/* End PBXSourcesBuildPhase section */

/* Begin XCBuildConfiguration section */
		E4B3FCE62C7751DD00CB98F3 /* Debug */ = {
			isa = XCBuildConfiguration;
			buildSettings = {
				ALWAYS_SEARCH_USER_PATHS = NO;
				ASSETCATALOG_COMPILER_GENERATE_SWIFT_ASSET_SYMBOL_EXTENSIONS = YES;
				CLANG_ANALYZER_NONNULL = YES;
				CLANG_ANALYZER_NUMBER_OBJECT_CONVERSION = YES_AGGRESSIVE;
				CLANG_CXX_LANGUAGE_STANDARD = "gnu++20";
				CLANG_ENABLE_MODULES = YES;
				CLANG_ENABLE_OBJC_ARC = YES;
				CLANG_ENABLE_OBJC_WEAK = YES;
				CLANG_WARN_BLOCK_CAPTURE_AUTORELEASING = YES;
				CLANG_WARN_BOOL_CONVERSION = YES;
				CLANG_WARN_COMMA = YES;
				CLANG_WARN_CONSTANT_CONVERSION = YES;
				CLANG_WARN_DEPRECATED_OBJC_IMPLEMENTATIONS = YES;
				CLANG_WARN_DIRECT_OBJC_ISA_USAGE = YES_ERROR;
				CLANG_WARN_DOCUMENTATION_COMMENTS = YES;
				CLANG_WARN_EMPTY_BODY = YES;
				CLANG_WARN_ENUM_CONVERSION = YES;
				CLANG_WARN_INFINITE_RECURSION = YES;
				CLANG_WARN_INT_CONVERSION = YES;
				CLANG_WARN_NON_LITERAL_NULL_CONVERSION = YES;
				CLANG_WARN_OBJC_IMPLICIT_RETAIN_SELF = YES;
				CLANG_WARN_OBJC_LITERAL_CONVERSION = YES;
				CLANG_WARN_OBJC_ROOT_CLASS = YES_ERROR;
				CLANG_WARN_QUOTED_INCLUDE_IN_FRAMEWORK_HEADER = YES;
				CLANG_WARN_RANGE_LOOP_ANALYSIS = YES;
				CLANG_WARN_STRICT_PROTOTYPES = YES;
				CLANG_WARN_SUSPICIOUS_MOVE = YES;
				CLANG_WARN_UNGUARDED_AVAILABILITY = YES_AGGRESSIVE;
				CLANG_WARN_UNREACHABLE_CODE = YES;
				CLANG_WARN__DUPLICATE_METHOD_MATCH = YES;
				COPY_PHASE_STRIP = NO;
				DEBUG_INFORMATION_FORMAT = dwarf;
				ENABLE_STRICT_OBJC_MSGSEND = YES;
				ENABLE_TESTABILITY = YES;
				ENABLE_USER_SCRIPT_SANDBOXING = YES;
				GCC_C_LANGUAGE_STANDARD = gnu17;
				GCC_DYNAMIC_NO_PIC = NO;
				GCC_NO_COMMON_BLOCKS = YES;
				GCC_OPTIMIZATION_LEVEL = 0;
				GCC_PREPROCESSOR_DEFINITIONS = (
					"DEBUG=1",
					"$(inherited)",
				);
				GCC_WARN_64_TO_32_BIT_CONVERSION = YES;
				GCC_WARN_ABOUT_RETURN_TYPE = YES_ERROR;
				GCC_WARN_UNDECLARED_SELECTOR = YES;
				GCC_WARN_UNINITIALIZED_AUTOS = YES_AGGRESSIVE;
				GCC_WARN_UNUSED_FUNCTION = YES;
				GCC_WARN_UNUSED_VARIABLE = YES;
				IPHONEOS_DEPLOYMENT_TARGET = 17.5;
				LOCALIZATION_PREFERS_STRING_CATALOGS = YES;
				MTL_ENABLE_DEBUG_INFO = INCLUDE_SOURCE;
				MTL_FAST_MATH = YES;
				ONLY_ACTIVE_ARCH = YES;
				SDKROOT = iphoneos;
				SWIFT_ACTIVE_COMPILATION_CONDITIONS = "DEBUG $(inherited)";
				SWIFT_OPTIMIZATION_LEVEL = "-Onone";
			};
			name = Debug;
		};
		E4B3FCE72C7751DD00CB98F3 /* Release */ = {
			isa = XCBuildConfiguration;
			buildSettings = {
				ALWAYS_SEARCH_USER_PATHS = NO;
				ASSETCATALOG_COMPILER_GENERATE_SWIFT_ASSET_SYMBOL_EXTENSIONS = YES;
				CLANG_ANALYZER_NONNULL = YES;
				CLANG_ANALYZER_NUMBER_OBJECT_CONVERSION = YES_AGGRESSIVE;
				CLANG_CXX_LANGUAGE_STANDARD = "gnu++20";
				CLANG_ENABLE_MODULES = YES;
				CLANG_ENABLE_OBJC_ARC = YES;
				CLANG_ENABLE_OBJC_WEAK = YES;
				CLANG_WARN_BLOCK_CAPTURE_AUTORELEASING = YES;
				CLANG_WARN_BOOL_CONVERSION = YES;
				CLANG_WARN_COMMA = YES;
				CLANG_WARN_CONSTANT_CONVERSION = YES;
				CLANG_WARN_DEPRECATED_OBJC_IMPLEMENTATIONS = YES;
				CLANG_WARN_DIRECT_OBJC_ISA_USAGE = YES_ERROR;
				CLANG_WARN_DOCUMENTATION_COMMENTS = YES;
				CLANG_WARN_EMPTY_BODY = YES;
				CLANG_WARN_ENUM_CONVERSION = YES;
				CLANG_WARN_INFINITE_RECURSION = YES;
				CLANG_WARN_INT_CONVERSION = YES;
				CLANG_WARN_NON_LITERAL_NULL_CONVERSION = YES;
				CLANG_WARN_OBJC_IMPLICIT_RETAIN_SELF = YES;
				CLANG_WARN_OBJC_LITERAL_CONVERSION = YES;
				CLANG_WARN_OBJC_ROOT_CLASS = YES_ERROR;
				CLANG_WARN_QUOTED_INCLUDE_IN_FRAMEWORK_HEADER = YES;
				CLANG_WARN_RANGE_LOOP_ANALYSIS = YES;
				CLANG_WARN_STRICT_PROTOTYPES = YES;
				CLANG_WARN_SUSPICIOUS_MOVE = YES;
				CLANG_WARN_UNGUARDED_AVAILABILITY = YES_AGGRESSIVE;
				CLANG_WARN_UNREACHABLE_CODE = YES;
				CLANG_WARN__DUPLICATE_METHOD_MATCH = YES;
				COPY_PHASE_STRIP = NO;
				DEBUG_INFORMATION_FORMAT = "dwarf-with-dsym";
				ENABLE_NS_ASSERTIONS = NO;
				ENABLE_STRICT_OBJC_MSGSEND = YES;
				ENABLE_USER_SCRIPT_SANDBOXING = YES;
				GCC_C_LANGUAGE_STANDARD = gnu17;
				GCC_NO_COMMON_BLOCKS = YES;
				GCC_WARN_64_TO_32_BIT_CONVERSION = YES;
				GCC_WARN_ABOUT_RETURN_TYPE = YES_ERROR;
				GCC_WARN_UNDECLARED_SELECTOR = YES;
				GCC_WARN_UNINITIALIZED_AUTOS = YES_AGGRESSIVE;
				GCC_WARN_UNUSED_FUNCTION = YES;
				GCC_WARN_UNUSED_VARIABLE = YES;
				IPHONEOS_DEPLOYMENT_TARGET = 17.5;
				LOCALIZATION_PREFERS_STRING_CATALOGS = YES;
				MTL_ENABLE_DEBUG_INFO = NO;
				MTL_FAST_MATH = YES;
				SDKROOT = iphoneos;
				SWIFT_COMPILATION_MODE = wholemodule;
				VALIDATE_PRODUCT = YES;
			};
			name = Release;
		};
		E4B3FCE92C7751DD00CB98F3 /* Debug */ = {
			isa = XCBuildConfiguration;
			buildSettings = {
				ASSETCATALOG_COMPILER_APPICON_NAME = AppIcon;
				ASSETCATALOG_COMPILER_GLOBAL_ACCENT_COLOR_NAME = AccentColor;
				CODE_SIGN_ENTITLEMENTS = UnivApp/UnivApp.entitlements;
				CODE_SIGN_STYLE = Automatic;
				CURRENT_PROJECT_VERSION = 1;
				DEVELOPMENT_ASSET_PATHS = "\"UnivApp/Preview Content\"";
				DEVELOPMENT_TEAM = Q653PU93R6;
				ENABLE_PREVIEWS = YES;
				GENERATE_INFOPLIST_FILE = YES;
				INFOPLIST_FILE = UnivApp/Info.plist;
				INFOPLIST_KEY_CFBundleDisplayName = "위들";
				INFOPLIST_KEY_NSUserTrackingUsageDescription = "맞춤형 광고 제공을 위해 사용자의 데이터가 사용됩니다.";
				INFOPLIST_KEY_UIApplicationSceneManifest_Generation = YES;
				INFOPLIST_KEY_UIApplicationSupportsIndirectInputEvents = YES;
				INFOPLIST_KEY_UILaunchScreen_Generation = YES;
				INFOPLIST_KEY_UILaunchStoryboardName = "Launch Screen";
				INFOPLIST_KEY_UISupportedInterfaceOrientations_iPad = "UIInterfaceOrientationPortrait UIInterfaceOrientationPortraitUpsideDown UIInterfaceOrientationLandscapeLeft UIInterfaceOrientationLandscapeRight";
				INFOPLIST_KEY_UISupportedInterfaceOrientations_iPhone = "UIInterfaceOrientationPortrait UIInterfaceOrientationLandscapeLeft UIInterfaceOrientationLandscapeRight";
				INFOPLIST_KEY_UIUserInterfaceStyle = Light;
				LD_RUNPATH_SEARCH_PATHS = (
					"$(inherited)",
					"@executable_path/Frameworks",
				);
				MARKETING_VERSION = 1.0;
				PRODUCT_BUNDLE_IDENTIFIER = WEDLE.UnivApp;
				PRODUCT_NAME = "$(TARGET_NAME)";
				SWIFT_EMIT_LOC_STRINGS = YES;
				SWIFT_VERSION = 5.0;
				TARGETED_DEVICE_FAMILY = "1,2";
			};
			name = Debug;
		};
		E4B3FCEA2C7751DD00CB98F3 /* Release */ = {
			isa = XCBuildConfiguration;
			buildSettings = {
				ASSETCATALOG_COMPILER_APPICON_NAME = AppIcon;
				ASSETCATALOG_COMPILER_GLOBAL_ACCENT_COLOR_NAME = AccentColor;
				CODE_SIGN_ENTITLEMENTS = UnivApp/UnivApp.entitlements;
				CODE_SIGN_STYLE = Automatic;
				CURRENT_PROJECT_VERSION = 1;
				DEVELOPMENT_ASSET_PATHS = "\"UnivApp/Preview Content\"";
				DEVELOPMENT_TEAM = Q653PU93R6;
				ENABLE_PREVIEWS = YES;
				GENERATE_INFOPLIST_FILE = YES;
				INFOPLIST_FILE = UnivApp/Info.plist;
				INFOPLIST_KEY_CFBundleDisplayName = "위들";
				INFOPLIST_KEY_NSUserTrackingUsageDescription = "맞춤형 광고 제공을 위해 사용자의 데이터가 사용됩니다.";
				INFOPLIST_KEY_UIApplicationSceneManifest_Generation = YES;
				INFOPLIST_KEY_UIApplicationSupportsIndirectInputEvents = YES;
				INFOPLIST_KEY_UILaunchScreen_Generation = YES;
				INFOPLIST_KEY_UILaunchStoryboardName = "Launch Screen";
				INFOPLIST_KEY_UISupportedInterfaceOrientations_iPad = "UIInterfaceOrientationPortrait UIInterfaceOrientationPortraitUpsideDown UIInterfaceOrientationLandscapeLeft UIInterfaceOrientationLandscapeRight";
				INFOPLIST_KEY_UISupportedInterfaceOrientations_iPhone = "UIInterfaceOrientationPortrait UIInterfaceOrientationLandscapeLeft UIInterfaceOrientationLandscapeRight";
				INFOPLIST_KEY_UIUserInterfaceStyle = Light;
				LD_RUNPATH_SEARCH_PATHS = (
					"$(inherited)",
					"@executable_path/Frameworks",
				);
				MARKETING_VERSION = 1.0;
				PRODUCT_BUNDLE_IDENTIFIER = WEDLE.UnivApp;
				PRODUCT_NAME = "$(TARGET_NAME)";
				SWIFT_EMIT_LOC_STRINGS = YES;
				SWIFT_VERSION = 5.0;
				TARGETED_DEVICE_FAMILY = "1,2";
			};
			name = Release;
		};
/* End XCBuildConfiguration section */

/* Begin XCConfigurationList section */
		E4B3FCBF2C7751DB00CB98F3 /* Build configuration list for PBXProject "UnivApp" */ = {
			isa = XCConfigurationList;
			buildConfigurations = (
				E4B3FCE62C7751DD00CB98F3 /* Debug */,
				E4B3FCE72C7751DD00CB98F3 /* Release */,
			);
			defaultConfigurationIsVisible = 0;
			defaultConfigurationName = Release;
		};
		E4B3FCE82C7751DD00CB98F3 /* Build configuration list for PBXNativeTarget "UnivApp" */ = {
			isa = XCConfigurationList;
			buildConfigurations = (
				E4B3FCE92C7751DD00CB98F3 /* Debug */,
				E4B3FCEA2C7751DD00CB98F3 /* Release */,
			);
			defaultConfigurationIsVisible = 0;
			defaultConfigurationName = Release;
		};
/* End XCConfigurationList section */

/* Begin XCRemoteSwiftPackageReference section */
		E4953D362C89C924008CBDE5 /* XCRemoteSwiftPackageReference "Kingfisher" */ = {
			isa = XCRemoteSwiftPackageReference;
			repositoryURL = "https://github.com/onevcat/Kingfisher.git";
			requirement = {
				kind = upToNextMajorVersion;
				minimumVersion = 7.12.0;
			};
		};
		E4953D642C8ECD14008CBDE5 /* XCRemoteSwiftPackageReference "Alamofire" */ = {
			isa = XCRemoteSwiftPackageReference;
			repositoryURL = "https://github.com/Alamofire/Alamofire.git";
			requirement = {
				kind = upToNextMajorVersion;
				minimumVersion = 5.9.1;
			};
		};
		E4953D782C8EE21D008CBDE5 /* XCRemoteSwiftPackageReference "SwiftKeychainWrapper" */ = {
			isa = XCRemoteSwiftPackageReference;
			repositoryURL = "https://github.com/jrendel/SwiftKeychainWrapper.git";
			requirement = {
				kind = upToNextMajorVersion;
				minimumVersion = 4.0.1;
			};
		};
		E4F04BF02C94477600F653DF /* XCRemoteSwiftPackageReference "FSCalendar" */ = {
			isa = XCRemoteSwiftPackageReference;
			repositoryURL = "https://github.com/WenchaoD/FSCalendar.git";
			requirement = {
				kind = upToNextMajorVersion;
				minimumVersion = 2.8.4;
			};
		};
		E4F04BF32C94477F00F653DF /* XCRemoteSwiftPackageReference "SnapKit" */ = {
			isa = XCRemoteSwiftPackageReference;
			repositoryURL = "https://github.com/SnapKit/SnapKit.git";
			requirement = {
				kind = upToNextMajorVersion;
				minimumVersion = 5.7.1;
			};
		};
		E4F04BF62C94478800F653DF /* XCRemoteSwiftPackageReference "swift-package-manager-google-mobile-ads" */ = {
			isa = XCRemoteSwiftPackageReference;
			repositoryURL = "https://github.com/googleads/swift-package-manager-google-mobile-ads.git";
			requirement = {
				kind = upToNextMajorVersion;
				minimumVersion = 11.9.0;
			};
		};
/* End XCRemoteSwiftPackageReference section */

/* Begin XCSwiftPackageProductDependency section */
		E4953D372C89C924008CBDE5 /* Kingfisher */ = {
			isa = XCSwiftPackageProductDependency;
			package = E4953D362C89C924008CBDE5 /* XCRemoteSwiftPackageReference "Kingfisher" */;
			productName = Kingfisher;
		};
		E4953D652C8ECD14008CBDE5 /* Alamofire */ = {
			isa = XCSwiftPackageProductDependency;
			package = E4953D642C8ECD14008CBDE5 /* XCRemoteSwiftPackageReference "Alamofire" */;
			productName = Alamofire;
		};
		E4953D792C8EE21D008CBDE5 /* SwiftKeychainWrapper */ = {
			isa = XCSwiftPackageProductDependency;
			package = E4953D782C8EE21D008CBDE5 /* XCRemoteSwiftPackageReference "SwiftKeychainWrapper" */;
			productName = SwiftKeychainWrapper;
		};
		E4F04BF12C94477600F653DF /* FSCalendar */ = {
			isa = XCSwiftPackageProductDependency;
			package = E4F04BF02C94477600F653DF /* XCRemoteSwiftPackageReference "FSCalendar" */;
			productName = FSCalendar;
		};
		E4F04BF42C94477F00F653DF /* SnapKit */ = {
			isa = XCSwiftPackageProductDependency;
			package = E4F04BF32C94477F00F653DF /* XCRemoteSwiftPackageReference "SnapKit" */;
			productName = SnapKit;
		};
		E4F04BF72C94478800F653DF /* GoogleMobileAds */ = {
			isa = XCSwiftPackageProductDependency;
			package = E4F04BF62C94478800F653DF /* XCRemoteSwiftPackageReference "swift-package-manager-google-mobile-ads" */;
			productName = GoogleMobileAds;
		};
/* End XCSwiftPackageProductDependency section */
	};
	rootObject = E4B3FCBC2C7751DB00CB98F3 /* Project object */;
}
